// !$*UTF8*$!
{
	archiveVersion = 1;
	classes = {
	};
	objectVersion = 46;
	objects = {

/* Begin PBXBuildFile section */
		04287AD81C9F88D60061AFCF /* main.m in Sources */ = {isa = PBXBuildFile; fileRef = 04287AD71C9F88D60061AFCF /* main.m */; };
		04287ADB1C9F88D60061AFCF /* AppDelegate.m in Sources */ = {isa = PBXBuildFile; fileRef = 04287ADA1C9F88D60061AFCF /* AppDelegate.m */; };
		04287AF11C9F88D70061AFCF /* GeneralProjectWorkTests.m in Sources */ = {isa = PBXBuildFile; fileRef = 04287AF01C9F88D70061AFCF /* GeneralProjectWorkTests.m */; };
		04287AFD1C9F8A220061AFCF /* UIKit.framework in Frameworks */ = {isa = PBXBuildFile; fileRef = 04287AFC1C9F8A220061AFCF /* UIKit.framework */; };
		04287AFF1C9F8A3A0061AFCF /* Foundation.framework in Frameworks */ = {isa = PBXBuildFile; fileRef = 04287AFE1C9F8A3A0061AFCF /* Foundation.framework */; };
		04287B111C9FC62B0061AFCF /* ConnectManager.m in Sources */ = {isa = PBXBuildFile; fileRef = 04287B101C9FC62B0061AFCF /* ConnectManager.m */; };
		04287B1D1C9FD04E0061AFCF /* UIViewExt.m in Sources */ = {isa = PBXBuildFile; fileRef = 04287B1C1C9FD04E0061AFCF /* UIViewExt.m */; };
		04287B231C9FD17E0061AFCF /* CoreUtil.m in Sources */ = {isa = PBXBuildFile; fileRef = 04287B201C9FD17E0061AFCF /* CoreUtil.m */; };
		04287B241C9FD17E0061AFCF /* UtilTool.m in Sources */ = {isa = PBXBuildFile; fileRef = 04287B221C9FD17E0061AFCF /* UtilTool.m */; settings = {COMPILER_FLAGS = "-fno-objc-arc"; }; };
		042B4F4E1CEB1C8500E6A5C9 /* chatList_more_bg@2x.png in Resources */ = {isa = PBXBuildFile; fileRef = 042B4F4D1CEB1C8500E6A5C9 /* chatList_more_bg@2x.png */; };
		042B4F521CEBF6E400E6A5C9 /* ContactHeaderView.m in Sources */ = {isa = PBXBuildFile; fileRef = 042B4F511CEBF6E400E6A5C9 /* ContactHeaderView.m */; };
		042B4F551CEBF94A00E6A5C9 /* ContactListTableCell.m in Sources */ = {isa = PBXBuildFile; fileRef = 042B4F541CEBF94A00E6A5C9 /* ContactListTableCell.m */; };
		042B4F571CEBFD0C00E6A5C9 /* contactCellBg@2x.png in Resources */ = {isa = PBXBuildFile; fileRef = 042B4F561CEBFD0C00E6A5C9 /* contactCellBg@2x.png */; };
		042B4F591CEC023E00E6A5C9 /* contactPetIcon@2x.png in Resources */ = {isa = PBXBuildFile; fileRef = 042B4F581CEC023E00E6A5C9 /* contactPetIcon@2x.png */; };
		042B4F5B1CEC028F00E6A5C9 /* contactUserIcon@2x.png in Resources */ = {isa = PBXBuildFile; fileRef = 042B4F5A1CEC028F00E6A5C9 /* contactUserIcon@2x.png */; };
		042B4F821CEC113600E6A5C9 /* pet_1_male@2x.png in Resources */ = {isa = PBXBuildFile; fileRef = 042B4F5C1CEC113600E6A5C9 /* pet_1_male@2x.png */; };
		042B4F831CEC113600E6A5C9 /* pet_2_female@2x.png in Resources */ = {isa = PBXBuildFile; fileRef = 042B4F5D1CEC113600E6A5C9 /* pet_2_female@2x.png */; };
		042B4F841CEC113600E6A5C9 /* pet_2_male@2x.png in Resources */ = {isa = PBXBuildFile; fileRef = 042B4F5E1CEC113600E6A5C9 /* pet_2_male@2x.png */; };
		042B4F851CEC113600E6A5C9 /* pet_3_female@2x.png in Resources */ = {isa = PBXBuildFile; fileRef = 042B4F5F1CEC113600E6A5C9 /* pet_3_female@2x.png */; };
		042B4F861CEC113600E6A5C9 /* pet_3_male@2x.png in Resources */ = {isa = PBXBuildFile; fileRef = 042B4F601CEC113600E6A5C9 /* pet_3_male@2x.png */; };
		042B4F871CEC113600E6A5C9 /* pet_4_female@2x.png in Resources */ = {isa = PBXBuildFile; fileRef = 042B4F611CEC113600E6A5C9 /* pet_4_female@2x.png */; };
		042B4F881CEC113600E6A5C9 /* pet_4_male@2x.png in Resources */ = {isa = PBXBuildFile; fileRef = 042B4F621CEC113600E6A5C9 /* pet_4_male@2x.png */; };
		042B4F891CEC113600E6A5C9 /* pet_5_female@2x.png in Resources */ = {isa = PBXBuildFile; fileRef = 042B4F631CEC113600E6A5C9 /* pet_5_female@2x.png */; };
		042B4F8A1CEC113600E6A5C9 /* pet_5_male@2x.png in Resources */ = {isa = PBXBuildFile; fileRef = 042B4F641CEC113600E6A5C9 /* pet_5_male@2x.png */; };
		042B4F8B1CEC113600E6A5C9 /* pet_6_female@2x.png in Resources */ = {isa = PBXBuildFile; fileRef = 042B4F651CEC113600E6A5C9 /* pet_6_female@2x.png */; };
		042B4F8C1CEC113600E6A5C9 /* pet_6_male@2x.png in Resources */ = {isa = PBXBuildFile; fileRef = 042B4F661CEC113600E6A5C9 /* pet_6_male@2x.png */; };
		042B4F8D1CEC113600E6A5C9 /* pet_7_female@2x.png in Resources */ = {isa = PBXBuildFile; fileRef = 042B4F671CEC113600E6A5C9 /* pet_7_female@2x.png */; };
		042B4F8E1CEC113600E6A5C9 /* pet_7_male@2x.png in Resources */ = {isa = PBXBuildFile; fileRef = 042B4F681CEC113600E6A5C9 /* pet_7_male@2x.png */; };
		042B4F8F1CEC113600E6A5C9 /* pet_8_female@2x.png in Resources */ = {isa = PBXBuildFile; fileRef = 042B4F691CEC113600E6A5C9 /* pet_8_female@2x.png */; };
		042B4F901CEC113600E6A5C9 /* pet_8_male@2x.png in Resources */ = {isa = PBXBuildFile; fileRef = 042B4F6A1CEC113600E6A5C9 /* pet_8_male@2x.png */; };
		042B4F911CEC113600E6A5C9 /* pet_9_female@2x.png in Resources */ = {isa = PBXBuildFile; fileRef = 042B4F6B1CEC113600E6A5C9 /* pet_9_female@2x.png */; };
		042B4F921CEC113600E6A5C9 /* pet_9_male@2x.png in Resources */ = {isa = PBXBuildFile; fileRef = 042B4F6C1CEC113600E6A5C9 /* pet_9_male@2x.png */; };
		042B4F931CEC113600E6A5C9 /* pet_10_female@2x.png in Resources */ = {isa = PBXBuildFile; fileRef = 042B4F6D1CEC113600E6A5C9 /* pet_10_female@2x.png */; };
		042B4F941CEC113600E6A5C9 /* pet_10_male@2x.png in Resources */ = {isa = PBXBuildFile; fileRef = 042B4F6E1CEC113600E6A5C9 /* pet_10_male@2x.png */; };
		042B4F951CEC113600E6A5C9 /* pet_11_female@2x.png in Resources */ = {isa = PBXBuildFile; fileRef = 042B4F6F1CEC113600E6A5C9 /* pet_11_female@2x.png */; };
		042B4F961CEC113600E6A5C9 /* pet_11_male@2x.png in Resources */ = {isa = PBXBuildFile; fileRef = 042B4F701CEC113600E6A5C9 /* pet_11_male@2x.png */; };
		042B4F971CEC113600E6A5C9 /* pet_12_female@2x.png in Resources */ = {isa = PBXBuildFile; fileRef = 042B4F711CEC113600E6A5C9 /* pet_12_female@2x.png */; };
		042B4F981CEC113600E6A5C9 /* pet_12_male@2x.png in Resources */ = {isa = PBXBuildFile; fileRef = 042B4F721CEC113600E6A5C9 /* pet_12_male@2x.png */; };
		042B4F991CEC113600E6A5C9 /* pet_13_female@2x.png in Resources */ = {isa = PBXBuildFile; fileRef = 042B4F731CEC113600E6A5C9 /* pet_13_female@2x.png */; };
		042B4F9A1CEC113600E6A5C9 /* pet_13_male@2x.png in Resources */ = {isa = PBXBuildFile; fileRef = 042B4F741CEC113600E6A5C9 /* pet_13_male@2x.png */; };
		042B4F9B1CEC113600E6A5C9 /* pet_14_female@2x.png in Resources */ = {isa = PBXBuildFile; fileRef = 042B4F751CEC113600E6A5C9 /* pet_14_female@2x.png */; };
		042B4F9C1CEC113600E6A5C9 /* pet_14_male@2x.png in Resources */ = {isa = PBXBuildFile; fileRef = 042B4F761CEC113600E6A5C9 /* pet_14_male@2x.png */; };
		042B4F9D1CEC113600E6A5C9 /* pet_15_female@2x.png in Resources */ = {isa = PBXBuildFile; fileRef = 042B4F771CEC113600E6A5C9 /* pet_15_female@2x.png */; };
		042B4F9E1CEC113600E6A5C9 /* pet_15_male@2x.png in Resources */ = {isa = PBXBuildFile; fileRef = 042B4F781CEC113600E6A5C9 /* pet_15_male@2x.png */; };
		042B4F9F1CEC113600E6A5C9 /* pet_16_female@2x.png in Resources */ = {isa = PBXBuildFile; fileRef = 042B4F791CEC113600E6A5C9 /* pet_16_female@2x.png */; };
		042B4FA01CEC113600E6A5C9 /* pet_16_male@2x.png in Resources */ = {isa = PBXBuildFile; fileRef = 042B4F7A1CEC113600E6A5C9 /* pet_16_male@2x.png */; };
		042B4FA11CEC113600E6A5C9 /* pet_17_female@2x.png in Resources */ = {isa = PBXBuildFile; fileRef = 042B4F7B1CEC113600E6A5C9 /* pet_17_female@2x.png */; };
		042B4FA21CEC113600E6A5C9 /* pet_17_male@2x.png in Resources */ = {isa = PBXBuildFile; fileRef = 042B4F7C1CEC113600E6A5C9 /* pet_17_male@2x.png */; };
		042B4FA31CEC113600E6A5C9 /* pet_18_female@2x.png in Resources */ = {isa = PBXBuildFile; fileRef = 042B4F7D1CEC113600E6A5C9 /* pet_18_female@2x.png */; };
		042B4FA41CEC113600E6A5C9 /* pet_18_male@2x.png in Resources */ = {isa = PBXBuildFile; fileRef = 042B4F7E1CEC113600E6A5C9 /* pet_18_male@2x.png */; };
		042B4FA51CEC113600E6A5C9 /* pet_19_female@2x.png in Resources */ = {isa = PBXBuildFile; fileRef = 042B4F7F1CEC113600E6A5C9 /* pet_19_female@2x.png */; };
		042B4FA61CEC113600E6A5C9 /* pet_19_male@2x.png in Resources */ = {isa = PBXBuildFile; fileRef = 042B4F801CEC113600E6A5C9 /* pet_19_male@2x.png */; };
		042B4FA71CEC113600E6A5C9 /* pet_1_female@2x.png in Resources */ = {isa = PBXBuildFile; fileRef = 042B4F811CEC113600E6A5C9 /* pet_1_female@2x.png */; };
		042B4FA91CEC154F00E6A5C9 /* petBirthIcon@2x.png in Resources */ = {isa = PBXBuildFile; fileRef = 042B4FA81CEC154F00E6A5C9 /* petBirthIcon@2x.png */; };
		04881F881CA50A6E006599FB /* LoginController.m in Sources */ = {isa = PBXBuildFile; fileRef = 04881F871CA50A6E006599FB /* LoginController.m */; };
		04881FA91CA50E9C006599FB /* WebKit.framework in Frameworks */ = {isa = PBXBuildFile; fileRef = 04881FA81CA50E9C006599FB /* WebKit.framework */; };
		04A5B97F1CA4D4F000ED827C /* MyTabBarController.m in Sources */ = {isa = PBXBuildFile; fileRef = 04A5B97E1CA4D4F000ED827C /* MyTabBarController.m */; };
		04A5B9AD1CA4DF1A00ED827C /* GuideController.m in Sources */ = {isa = PBXBuildFile; fileRef = 04A5B9AC1CA4DF1A00ED827C /* GuideController.m */; };
		04A5B9B01CA4DF4B00ED827C /* AdvertiseController.m in Sources */ = {isa = PBXBuildFile; fileRef = 04A5B9AF1CA4DF4B00ED827C /* AdvertiseController.m */; };
		04B478B51CA2449E00B81EDC /* AVFoundation.framework in Frameworks */ = {isa = PBXBuildFile; fileRef = 04B478B41CA2449E00B81EDC /* AVFoundation.framework */; };
		04B7F7C21CA10FC700A120A8 /* CRNavigationBar.m in Sources */ = {isa = PBXBuildFile; fileRef = 04B7F7BD1CA10FC700A120A8 /* CRNavigationBar.m */; };
		04B7F7C31CA10FC700A120A8 /* CRNavigationController.m in Sources */ = {isa = PBXBuildFile; fileRef = 04B7F7BF1CA10FC700A120A8 /* CRNavigationController.m */; };
		04B7F7C41CA10FC700A120A8 /* CRUIToolbar.m in Sources */ = {isa = PBXBuildFile; fileRef = 04B7F7C11CA10FC700A120A8 /* CRUIToolbar.m */; };
		04B7F7C81CA1101800A120A8 /* BaseViewController.m in Sources */ = {isa = PBXBuildFile; fileRef = 04B7F7C71CA1101800A120A8 /* BaseViewController.m */; };
		04B7F7CC1CA1105700A120A8 /* VCManager.m in Sources */ = {isa = PBXBuildFile; fileRef = 04B7F7CB1CA1105700A120A8 /* VCManager.m */; };
		04B7F7D01CA11EED00A120A8 /* CanClickImageView.m in Sources */ = {isa = PBXBuildFile; fileRef = 04B7F7CF1CA11EED00A120A8 /* CanClickImageView.m */; };
		04B7F7D41CA11FEF00A120A8 /* MyProgressView.m in Sources */ = {isa = PBXBuildFile; fileRef = 04B7F7D31CA11FEF00A120A8 /* MyProgressView.m */; };
		04B7F7D81CA1212000A120A8 /* MyWebView.m in Sources */ = {isa = PBXBuildFile; fileRef = 04B7F7D71CA1212000A120A8 /* MyWebView.m */; };
		04B7F7DE1CA1219F00A120A8 /* MyBanner.m in Sources */ = {isa = PBXBuildFile; fileRef = 04B7F7DB1CA1219F00A120A8 /* MyBanner.m */; };
		04B7F7DF1CA1219F00A120A8 /* MyPageControl.m in Sources */ = {isa = PBXBuildFile; fileRef = 04B7F7DD1CA1219F00A120A8 /* MyPageControl.m */; };
		04B7F7E31CA136EE00A120A8 /* Reachability.m in Sources */ = {isa = PBXBuildFile; fileRef = 04B7F7E21CA136EE00A120A8 /* Reachability.m */; };
		04B7F7EF1CA232E200A120A8 /* 37x-failed@2x.png in Resources */ = {isa = PBXBuildFile; fileRef = 04B7F7EC1CA232E200A120A8 /* 37x-failed@2x.png */; };
		04B7F7F01CA232E200A120A8 /* 37x-success@2x.png in Resources */ = {isa = PBXBuildFile; fileRef = 04B7F7ED1CA232E200A120A8 /* 37x-success@2x.png */; };
		04B7F7F11CA232E200A120A8 /* 37x-warning@2x.png in Resources */ = {isa = PBXBuildFile; fileRef = 04B7F7EE1CA232E200A120A8 /* 37x-warning@2x.png */; };
		04D1AF541CEAAF2D00CC7D30 /* welcome_1@2x.png in Resources */ = {isa = PBXBuildFile; fileRef = 04D1AF501CEAAF2D00CC7D30 /* welcome_1@2x.png */; };
		04D1AF551CEAAF2D00CC7D30 /* welcome_2@2x.png in Resources */ = {isa = PBXBuildFile; fileRef = 04D1AF511CEAAF2D00CC7D30 /* welcome_2@2x.png */; };
		04D1AF561CEAAF2D00CC7D30 /* welcome_3@2x.png in Resources */ = {isa = PBXBuildFile; fileRef = 04D1AF521CEAAF2D00CC7D30 /* welcome_3@2x.png */; };
		04D1AF571CEAAF2D00CC7D30 /* welcome_4@2x.png in Resources */ = {isa = PBXBuildFile; fileRef = 04D1AF531CEAAF2D00CC7D30 /* welcome_4@2x.png */; };
		04D1AF5E1CEAAFF600CC7D30 /* logo_29@2x.png in Resources */ = {isa = PBXBuildFile; fileRef = 04D1AF581CEAAFF600CC7D30 /* logo_29@2x.png */; };
		04D1AF5F1CEAAFF600CC7D30 /* logo_57@2x.png in Resources */ = {isa = PBXBuildFile; fileRef = 04D1AF591CEAAFF600CC7D30 /* logo_57@2x.png */; };
		04D1AF601CEAAFF600CC7D30 /* logo_58@2x.png in Resources */ = {isa = PBXBuildFile; fileRef = 04D1AF5A1CEAAFF600CC7D30 /* logo_58@2x.png */; };
		04D1AF611CEAAFF600CC7D30 /* logo_80@2x.png in Resources */ = {isa = PBXBuildFile; fileRef = 04D1AF5B1CEAAFF600CC7D30 /* logo_80@2x.png */; };
		04D1AF621CEAAFF600CC7D30 /* logo_114@2x.png in Resources */ = {isa = PBXBuildFile; fileRef = 04D1AF5C1CEAAFF600CC7D30 /* logo_114@2x.png */; };
		04D1AF631CEAAFF600CC7D30 /* logo_120@2x.png in Resources */ = {isa = PBXBuildFile; fileRef = 04D1AF5D1CEAAFF600CC7D30 /* logo_120@2x.png */; };
		04D1AF671CEAB15E00CC7D30 /* Default-568h@2x.png in Resources */ = {isa = PBXBuildFile; fileRef = 04D1AF641CEAB15E00CC7D30 /* Default-568h@2x.png */; };
		04D1AF681CEAB15E00CC7D30 /* Default.png in Resources */ = {isa = PBXBuildFile; fileRef = 04D1AF651CEAB15E00CC7D30 /* Default.png */; };
		04D1AF691CEAB15E00CC7D30 /* Default@2x.png in Resources */ = {isa = PBXBuildFile; fileRef = 04D1AF661CEAB15E00CC7D30 /* Default@2x.png */; };
		04D1AF6B1CEAB28000CC7D30 /* ad_start@2x.png in Resources */ = {isa = PBXBuildFile; fileRef = 04D1AF6A1CEAB28000CC7D30 /* ad_start@2x.png */; };
		04D1AF731CEAB58E00CC7D30 /* NearController.m in Sources */ = {isa = PBXBuildFile; fileRef = 04D1AF721CEAB58E00CC7D30 /* NearController.m */; };
		04D1AF761CEAB59B00CC7D30 /* ContactController.m in Sources */ = {isa = PBXBuildFile; fileRef = 04D1AF751CEAB59B00CC7D30 /* ContactController.m */; };
		04D1AF791CEAB5A900CC7D30 /* ChatListController.m in Sources */ = {isa = PBXBuildFile; fileRef = 04D1AF781CEAB5A900CC7D30 /* ChatListController.m */; };
		04D1AF7C1CEAB5BC00CC7D30 /* DiscoveryController.m in Sources */ = {isa = PBXBuildFile; fileRef = 04D1AF7B1CEAB5BC00CC7D30 /* DiscoveryController.m */; };
		04D1AF7F1CEAB5CA00CC7D30 /* MyCenterController.m in Sources */ = {isa = PBXBuildFile; fileRef = 04D1AF7E1CEAB5CA00CC7D30 /* MyCenterController.m */; };
		04D1AF8A1CEAB8A100CC7D30 /* tab_01_N@2x.png in Resources */ = {isa = PBXBuildFile; fileRef = 04D1AF801CEAB8A100CC7D30 /* tab_01_N@2x.png */; };
		04D1AF8B1CEAB8A100CC7D30 /* tab_01_S@2x.png in Resources */ = {isa = PBXBuildFile; fileRef = 04D1AF811CEAB8A100CC7D30 /* tab_01_S@2x.png */; };
		04D1AF8C1CEAB8A100CC7D30 /* tab_02_N@2x.png in Resources */ = {isa = PBXBuildFile; fileRef = 04D1AF821CEAB8A100CC7D30 /* tab_02_N@2x.png */; };
		04D1AF8D1CEAB8A100CC7D30 /* tab_02_S@2x.png in Resources */ = {isa = PBXBuildFile; fileRef = 04D1AF831CEAB8A100CC7D30 /* tab_02_S@2x.png */; };
		04D1AF8E1CEAB8A100CC7D30 /* tab_03_N@2x.png in Resources */ = {isa = PBXBuildFile; fileRef = 04D1AF841CEAB8A100CC7D30 /* tab_03_N@2x.png */; };
		04D1AF8F1CEAB8A100CC7D30 /* tab_03_S@2x.png in Resources */ = {isa = PBXBuildFile; fileRef = 04D1AF851CEAB8A100CC7D30 /* tab_03_S@2x.png */; };
		04D1AF901CEAB8A100CC7D30 /* tab_04_N@2x.png in Resources */ = {isa = PBXBuildFile; fileRef = 04D1AF861CEAB8A100CC7D30 /* tab_04_N@2x.png */; };
		04D1AF911CEAB8A100CC7D30 /* tab_04_S@2x.png in Resources */ = {isa = PBXBuildFile; fileRef = 04D1AF871CEAB8A100CC7D30 /* tab_04_S@2x.png */; };
		04D1AF921CEAB8A100CC7D30 /* tab_05_N@2x.png in Resources */ = {isa = PBXBuildFile; fileRef = 04D1AF881CEAB8A100CC7D30 /* tab_05_N@2x.png */; };
		04D1AF931CEAB8A100CC7D30 /* tab_05_S@2x.png in Resources */ = {isa = PBXBuildFile; fileRef = 04D1AF891CEAB8A100CC7D30 /* tab_05_S@2x.png */; };
		04D1AF951CEAB92300CC7D30 /* tabbar_bk@2x.png in Resources */ = {isa = PBXBuildFile; fileRef = 04D1AF941CEAB92300CC7D30 /* tabbar_bk@2x.png */; };
		04D1AF971CEAD83300CC7D30 /* Images.xcassets in Resources */ = {isa = PBXBuildFile; fileRef = 04D1AF961CEAD83300CC7D30 /* Images.xcassets */; };
		04D1AF991CEAEC5200CC7D30 /* navbarBg@2x.png in Resources */ = {isa = PBXBuildFile; fileRef = 04D1AF981CEAEC5200CC7D30 /* navbarBg@2x.png */; };
		04D1AF9B1CEAEE8300CC7D30 /* viewBg@2x.png in Resources */ = {isa = PBXBuildFile; fileRef = 04D1AF9A1CEAEE8300CC7D30 /* viewBg@2x.png */; };
		04D1AF9F1CEAF03600CC7D30 /* DiscoveryTableCell.m in Sources */ = {isa = PBXBuildFile; fileRef = 04D1AF9E1CEAF03600CC7D30 /* DiscoveryTableCell.m */; };
		04D1AFAA1CEAF5C500CC7D30 /* discovery_icon_3@2x.png in Resources */ = {isa = PBXBuildFile; fileRef = 04D1AFA11CEAF5C500CC7D30 /* discovery_icon_3@2x.png */; };
		04D1AFAB1CEAF5C500CC7D30 /* discovery_icon_2@2x.png in Resources */ = {isa = PBXBuildFile; fileRef = 04D1AFA21CEAF5C500CC7D30 /* discovery_icon_2@2x.png */; };
		04D1AFAC1CEAF5C500CC7D30 /* discovery_icon_5@2x.png in Resources */ = {isa = PBXBuildFile; fileRef = 04D1AFA31CEAF5C500CC7D30 /* discovery_icon_5@2x.png */; };
		04D1AFAD1CEAF5C500CC7D30 /* discovery_icon_1@2x.png in Resources */ = {isa = PBXBuildFile; fileRef = 04D1AFA41CEAF5C500CC7D30 /* discovery_icon_1@2x.png */; };
		04D1AFAE1CEAF5C500CC7D30 /* discovery_icon_0@2x.png in Resources */ = {isa = PBXBuildFile; fileRef = 04D1AFA51CEAF5C500CC7D30 /* discovery_icon_0@2x.png */; };
		04D1AFAF1CEAF5C500CC7D30 /* discoveryCellbgN@2x.png in Resources */ = {isa = PBXBuildFile; fileRef = 04D1AFA61CEAF5C500CC7D30 /* discoveryCellbgN@2x.png */; };
		04D1AFB01CEAF5C500CC7D30 /* discoveryCellbgS@2x.png in Resources */ = {isa = PBXBuildFile; fileRef = 04D1AFA71CEAF5C500CC7D30 /* discoveryCellbgS@2x.png */; };
		04D1AFB11CEAF5C500CC7D30 /* discovery_icon_4@2x.png in Resources */ = {isa = PBXBuildFile; fileRef = 04D1AFA81CEAF5C500CC7D30 /* discovery_icon_4@2x.png */; };
		04D1AFB21CEAF5C500CC7D30 /* discoveryCellArrow@2x.png in Resources */ = {isa = PBXBuildFile; fileRef = 04D1AFA91CEAF5C500CC7D30 /* discoveryCellArrow@2x.png */; };
		04D1AFB61CEAFEAC00CC7D30 /* MyCenterTableCell.m in Sources */ = {isa = PBXBuildFile; fileRef = 04D1AFB51CEAFEAC00CC7D30 /* MyCenterTableCell.m */; };
		04D1AFBB1CEAFF8700CC7D30 /* myCenter_icon_0@2x.png in Resources */ = {isa = PBXBuildFile; fileRef = 04D1AFB81CEAFF8700CC7D30 /* myCenter_icon_0@2x.png */; };
		04D1AFBC1CEAFF8700CC7D30 /* myCenter_icon_1@2x.png in Resources */ = {isa = PBXBuildFile; fileRef = 04D1AFB91CEAFF8700CC7D30 /* myCenter_icon_1@2x.png */; };
		04D1AFBD1CEAFF8700CC7D30 /* myCenter_icon_2@2x.png in Resources */ = {isa = PBXBuildFile; fileRef = 04D1AFBA1CEAFF8700CC7D30 /* myCenter_icon_2@2x.png */; };
		04D1AFBF1CEB00B000CC7D30 /* myCenter_gapLine@2x.png in Resources */ = {isa = PBXBuildFile; fileRef = 04D1AFBE1CEB00B000CC7D30 /* myCenter_gapLine@2x.png */; };
		04D1AFC21CEB026E00CC7D30 /* MyCenterHeaderView.m in Sources */ = {isa = PBXBuildFile; fileRef = 04D1AFC11CEB026E00CC7D30 /* MyCenterHeaderView.m */; };
		04D1AFC41CEB044B00CC7D30 /* myCenter_headerBg@2x.png in Resources */ = {isa = PBXBuildFile; fileRef = 04D1AFC31CEB044B00CC7D30 /* myCenter_headerBg@2x.png */; };
		04D1AFC81CEB09D300CC7D30 /* ChatListSingleChatTableCell.m in Sources */ = {isa = PBXBuildFile; fileRef = 04D1AFC71CEB09D300CC7D30 /* ChatListSingleChatTableCell.m */; };
		04D1AFCB1CEB0A1600CC7D30 /* ChatListThreeChatterChatTableCell.m in Sources */ = {isa = PBXBuildFile; fileRef = 04D1AFCA1CEB0A1600CC7D30 /* ChatListThreeChatterChatTableCell.m */; };
		04D1AFCE1CEB0A4D00CC7D30 /* ChatListMoreChatterChatTableCell.m in Sources */ = {isa = PBXBuildFile; fileRef = 04D1AFCD1CEB0A4D00CC7D30 /* ChatListMoreChatterChatTableCell.m */; };
		04D1AFD11CEB0BA000CC7D30 /* chatList_singleUser_0@2x.png in Resources */ = {isa = PBXBuildFile; fileRef = 04D1AFD01CEB0BA000CC7D30 /* chatList_singleUser_0@2x.png */; };
		04D1AFD31CEB0C1900CC7D30 /* chatList_gapline@2x.png in Resources */ = {isa = PBXBuildFile; fileRef = 04D1AFD21CEB0C1900CC7D30 /* chatList_gapline@2x.png */; };
		04D1AFD51CEB10E700CC7D30 /* chatList_singleUser_1@2x.png in Resources */ = {isa = PBXBuildFile; fileRef = 04D1AFD41CEB10E700CC7D30 /* chatList_singleUser_1@2x.png */; };
		04D1AFD71CEB116000CC7D30 /* chatList_singleUser_2@2x.png in Resources */ = {isa = PBXBuildFile; fileRef = 04D1AFD61CEB116000CC7D30 /* chatList_singleUser_2@2x.png */; };
		04D1AFDB1CEB15D100CC7D30 /* chatList_moreChat_0@2x.png in Resources */ = {isa = PBXBuildFile; fileRef = 04D1AFD81CEB15D100CC7D30 /* chatList_moreChat_0@2x.png */; };
		04D1AFDC1CEB15D100CC7D30 /* chatList_moreChat_1@2x.png in Resources */ = {isa = PBXBuildFile; fileRef = 04D1AFD91CEB15D100CC7D30 /* chatList_moreChat_1@2x.png */; };
		04D1AFDD1CEB15D100CC7D30 /* chatList_moreChat_2@2x.png in Resources */ = {isa = PBXBuildFile; fileRef = 04D1AFDA1CEB15D100CC7D30 /* chatList_moreChat_2@2x.png */; };
		F9549F9FC35941B77E2C12F0 /* libPods-GeneralProjectWork.a in Frameworks */ = {isa = PBXBuildFile; fileRef = CEB3B3C058C7D1A1E6867C83 /* libPods-GeneralProjectWork.a */; };
/* End PBXBuildFile section */

/* Begin PBXContainerItemProxy section */
		04287AED1C9F88D70061AFCF /* PBXContainerItemProxy */ = {
			isa = PBXContainerItemProxy;
			containerPortal = 04287ACB1C9F88D60061AFCF /* Project object */;
			proxyType = 1;
			remoteGlobalIDString = 04287AD21C9F88D60061AFCF;
			remoteInfo = GeneralProjectWork;
		};
/* End PBXContainerItemProxy section */

/* Begin PBXFileReference section */
		04287AD31C9F88D60061AFCF /* GeneralProjectWork.app */ = {isa = PBXFileReference; explicitFileType = wrapper.application; includeInIndex = 0; path = GeneralProjectWork.app; sourceTree = BUILT_PRODUCTS_DIR; };
		04287AD71C9F88D60061AFCF /* main.m */ = {isa = PBXFileReference; lastKnownFileType = sourcecode.c.objc; path = main.m; sourceTree = "<group>"; };
		04287AD91C9F88D60061AFCF /* AppDelegate.h */ = {isa = PBXFileReference; lastKnownFileType = sourcecode.c.h; path = AppDelegate.h; sourceTree = "<group>"; };
		04287ADA1C9F88D60061AFCF /* AppDelegate.m */ = {isa = PBXFileReference; lastKnownFileType = sourcecode.c.objc; path = AppDelegate.m; sourceTree = "<group>"; };
		04287AE71C9F88D60061AFCF /* Info.plist */ = {isa = PBXFileReference; lastKnownFileType = text.plist.xml; path = Info.plist; sourceTree = "<group>"; };
		04287AEC1C9F88D70061AFCF /* GeneralProjectWorkTests.xctest */ = {isa = PBXFileReference; explicitFileType = wrapper.cfbundle; includeInIndex = 0; path = GeneralProjectWorkTests.xctest; sourceTree = BUILT_PRODUCTS_DIR; };
		04287AF01C9F88D70061AFCF /* GeneralProjectWorkTests.m */ = {isa = PBXFileReference; lastKnownFileType = sourcecode.c.objc; path = GeneralProjectWorkTests.m; sourceTree = "<group>"; };
		04287AF21C9F88D70061AFCF /* Info.plist */ = {isa = PBXFileReference; lastKnownFileType = text.plist.xml; path = Info.plist; sourceTree = "<group>"; };
		04287AFC1C9F8A220061AFCF /* UIKit.framework */ = {isa = PBXFileReference; lastKnownFileType = wrapper.framework; name = UIKit.framework; path = System/Library/Frameworks/UIKit.framework; sourceTree = SDKROOT; };
		04287AFE1C9F8A3A0061AFCF /* Foundation.framework */ = {isa = PBXFileReference; lastKnownFileType = wrapper.framework; name = Foundation.framework; path = System/Library/Frameworks/Foundation.framework; sourceTree = SDKROOT; };
		04287B0A1C9F95E10061AFCF /* PrefixHeader.pch */ = {isa = PBXFileReference; fileEncoding = 4; lastKnownFileType = sourcecode.c.h; path = PrefixHeader.pch; sourceTree = "<group>"; };
		04287B0F1C9FC62B0061AFCF /* ConnectManager.h */ = {isa = PBXFileReference; fileEncoding = 4; lastKnownFileType = sourcecode.c.h; path = ConnectManager.h; sourceTree = "<group>"; };
		04287B101C9FC62B0061AFCF /* ConnectManager.m */ = {isa = PBXFileReference; fileEncoding = 4; lastKnownFileType = sourcecode.c.objc; path = ConnectManager.m; sourceTree = "<group>"; };
		04287B131C9FC80D0061AFCF /* AppConfig.h */ = {isa = PBXFileReference; fileEncoding = 4; lastKnownFileType = sourcecode.c.h; path = AppConfig.h; sourceTree = "<group>"; };
		04287B141C9FC8650061AFCF /* URLConfig.h */ = {isa = PBXFileReference; fileEncoding = 4; lastKnownFileType = sourcecode.c.h; path = URLConfig.h; sourceTree = "<group>"; };
		04287B151C9FC87B0061AFCF /* FMDBConfig.h */ = {isa = PBXFileReference; fileEncoding = 4; lastKnownFileType = sourcecode.c.h; path = FMDBConfig.h; sourceTree = "<group>"; };
		04287B161C9FC89F0061AFCF /* SizeFontColorConfig.h */ = {isa = PBXFileReference; fileEncoding = 4; lastKnownFileType = sourcecode.c.h; path = SizeFontColorConfig.h; sourceTree = "<group>"; };
		04287B171C9FC8B60061AFCF /* ControllerConfig.h */ = {isa = PBXFileReference; fileEncoding = 4; lastKnownFileType = sourcecode.c.h; path = ControllerConfig.h; sourceTree = "<group>"; };
		04287B181C9FC90B0061AFCF /* Constants.h */ = {isa = PBXFileReference; fileEncoding = 4; lastKnownFileType = sourcecode.c.h; path = Constants.h; sourceTree = "<group>"; };
		04287B1B1C9FD04E0061AFCF /* UIViewExt.h */ = {isa = PBXFileReference; fileEncoding = 4; lastKnownFileType = sourcecode.c.h; path = UIViewExt.h; sourceTree = "<group>"; };
		04287B1C1C9FD04E0061AFCF /* UIViewExt.m */ = {isa = PBXFileReference; fileEncoding = 4; lastKnownFileType = sourcecode.c.objc; path = UIViewExt.m; sourceTree = "<group>"; };
		04287B1F1C9FD17E0061AFCF /* CoreUtil.h */ = {isa = PBXFileReference; fileEncoding = 4; lastKnownFileType = sourcecode.c.h; path = CoreUtil.h; sourceTree = "<group>"; };
		04287B201C9FD17E0061AFCF /* CoreUtil.m */ = {isa = PBXFileReference; fileEncoding = 4; lastKnownFileType = sourcecode.c.objc; path = CoreUtil.m; sourceTree = "<group>"; };
		04287B211C9FD17E0061AFCF /* UtilTool.h */ = {isa = PBXFileReference; fileEncoding = 4; lastKnownFileType = sourcecode.c.h; path = UtilTool.h; sourceTree = "<group>"; };
		04287B221C9FD17E0061AFCF /* UtilTool.m */ = {isa = PBXFileReference; fileEncoding = 4; lastKnownFileType = sourcecode.c.objc; path = UtilTool.m; sourceTree = "<group>"; };
		042B4F4D1CEB1C8500E6A5C9 /* chatList_more_bg@2x.png */ = {isa = PBXFileReference; lastKnownFileType = image.png; path = "chatList_more_bg@2x.png"; sourceTree = "<group>"; };
		042B4F501CEBF6E400E6A5C9 /* ContactHeaderView.h */ = {isa = PBXFileReference; fileEncoding = 4; lastKnownFileType = sourcecode.c.h; path = ContactHeaderView.h; sourceTree = "<group>"; };
		042B4F511CEBF6E400E6A5C9 /* ContactHeaderView.m */ = {isa = PBXFileReference; fileEncoding = 4; lastKnownFileType = sourcecode.c.objc; path = ContactHeaderView.m; sourceTree = "<group>"; };
		042B4F531CEBF94A00E6A5C9 /* ContactListTableCell.h */ = {isa = PBXFileReference; fileEncoding = 4; lastKnownFileType = sourcecode.c.h; path = ContactListTableCell.h; sourceTree = "<group>"; };
		042B4F541CEBF94A00E6A5C9 /* ContactListTableCell.m */ = {isa = PBXFileReference; fileEncoding = 4; lastKnownFileType = sourcecode.c.objc; path = ContactListTableCell.m; sourceTree = "<group>"; };
		042B4F561CEBFD0C00E6A5C9 /* contactCellBg@2x.png */ = {isa = PBXFileReference; lastKnownFileType = image.png; path = "contactCellBg@2x.png"; sourceTree = "<group>"; };
		042B4F581CEC023E00E6A5C9 /* contactPetIcon@2x.png */ = {isa = PBXFileReference; lastKnownFileType = image.png; path = "contactPetIcon@2x.png"; sourceTree = "<group>"; };
		042B4F5A1CEC028F00E6A5C9 /* contactUserIcon@2x.png */ = {isa = PBXFileReference; lastKnownFileType = image.png; path = "contactUserIcon@2x.png"; sourceTree = "<group>"; };
		042B4F5C1CEC113600E6A5C9 /* pet_1_male@2x.png */ = {isa = PBXFileReference; lastKnownFileType = image.png; path = "pet_1_male@2x.png"; sourceTree = "<group>"; };
		042B4F5D1CEC113600E6A5C9 /* pet_2_female@2x.png */ = {isa = PBXFileReference; lastKnownFileType = image.png; path = "pet_2_female@2x.png"; sourceTree = "<group>"; };
		042B4F5E1CEC113600E6A5C9 /* pet_2_male@2x.png */ = {isa = PBXFileReference; lastKnownFileType = image.png; path = "pet_2_male@2x.png"; sourceTree = "<group>"; };
		042B4F5F1CEC113600E6A5C9 /* pet_3_female@2x.png */ = {isa = PBXFileReference; lastKnownFileType = image.png; path = "pet_3_female@2x.png"; sourceTree = "<group>"; };
		042B4F601CEC113600E6A5C9 /* pet_3_male@2x.png */ = {isa = PBXFileReference; lastKnownFileType = image.png; path = "pet_3_male@2x.png"; sourceTree = "<group>"; };
		042B4F611CEC113600E6A5C9 /* pet_4_female@2x.png */ = {isa = PBXFileReference; lastKnownFileType = image.png; path = "pet_4_female@2x.png"; sourceTree = "<group>"; };
		042B4F621CEC113600E6A5C9 /* pet_4_male@2x.png */ = {isa = PBXFileReference; lastKnownFileType = image.png; path = "pet_4_male@2x.png"; sourceTree = "<group>"; };
		042B4F631CEC113600E6A5C9 /* pet_5_female@2x.png */ = {isa = PBXFileReference; lastKnownFileType = image.png; path = "pet_5_female@2x.png"; sourceTree = "<group>"; };
		042B4F641CEC113600E6A5C9 /* pet_5_male@2x.png */ = {isa = PBXFileReference; lastKnownFileType = image.png; path = "pet_5_male@2x.png"; sourceTree = "<group>"; };
		042B4F651CEC113600E6A5C9 /* pet_6_female@2x.png */ = {isa = PBXFileReference; lastKnownFileType = image.png; path = "pet_6_female@2x.png"; sourceTree = "<group>"; };
		042B4F661CEC113600E6A5C9 /* pet_6_male@2x.png */ = {isa = PBXFileReference; lastKnownFileType = image.png; path = "pet_6_male@2x.png"; sourceTree = "<group>"; };
		042B4F671CEC113600E6A5C9 /* pet_7_female@2x.png */ = {isa = PBXFileReference; lastKnownFileType = image.png; path = "pet_7_female@2x.png"; sourceTree = "<group>"; };
		042B4F681CEC113600E6A5C9 /* pet_7_male@2x.png */ = {isa = PBXFileReference; lastKnownFileType = image.png; path = "pet_7_male@2x.png"; sourceTree = "<group>"; };
		042B4F691CEC113600E6A5C9 /* pet_8_female@2x.png */ = {isa = PBXFileReference; lastKnownFileType = image.png; path = "pet_8_female@2x.png"; sourceTree = "<group>"; };
		042B4F6A1CEC113600E6A5C9 /* pet_8_male@2x.png */ = {isa = PBXFileReference; lastKnownFileType = image.png; path = "pet_8_male@2x.png"; sourceTree = "<group>"; };
		042B4F6B1CEC113600E6A5C9 /* pet_9_female@2x.png */ = {isa = PBXFileReference; lastKnownFileType = image.png; path = "pet_9_female@2x.png"; sourceTree = "<group>"; };
		042B4F6C1CEC113600E6A5C9 /* pet_9_male@2x.png */ = {isa = PBXFileReference; lastKnownFileType = image.png; path = "pet_9_male@2x.png"; sourceTree = "<group>"; };
		042B4F6D1CEC113600E6A5C9 /* pet_10_female@2x.png */ = {isa = PBXFileReference; lastKnownFileType = image.png; path = "pet_10_female@2x.png"; sourceTree = "<group>"; };
		042B4F6E1CEC113600E6A5C9 /* pet_10_male@2x.png */ = {isa = PBXFileReference; lastKnownFileType = image.png; path = "pet_10_male@2x.png"; sourceTree = "<group>"; };
		042B4F6F1CEC113600E6A5C9 /* pet_11_female@2x.png */ = {isa = PBXFileReference; lastKnownFileType = image.png; path = "pet_11_female@2x.png"; sourceTree = "<group>"; };
		042B4F701CEC113600E6A5C9 /* pet_11_male@2x.png */ = {isa = PBXFileReference; lastKnownFileType = image.png; path = "pet_11_male@2x.png"; sourceTree = "<group>"; };
		042B4F711CEC113600E6A5C9 /* pet_12_female@2x.png */ = {isa = PBXFileReference; lastKnownFileType = image.png; path = "pet_12_female@2x.png"; sourceTree = "<group>"; };
		042B4F721CEC113600E6A5C9 /* pet_12_male@2x.png */ = {isa = PBXFileReference; lastKnownFileType = image.png; path = "pet_12_male@2x.png"; sourceTree = "<group>"; };
		042B4F731CEC113600E6A5C9 /* pet_13_female@2x.png */ = {isa = PBXFileReference; lastKnownFileType = image.png; path = "pet_13_female@2x.png"; sourceTree = "<group>"; };
		042B4F741CEC113600E6A5C9 /* pet_13_male@2x.png */ = {isa = PBXFileReference; lastKnownFileType = image.png; path = "pet_13_male@2x.png"; sourceTree = "<group>"; };
		042B4F751CEC113600E6A5C9 /* pet_14_female@2x.png */ = {isa = PBXFileReference; lastKnownFileType = image.png; path = "pet_14_female@2x.png"; sourceTree = "<group>"; };
		042B4F761CEC113600E6A5C9 /* pet_14_male@2x.png */ = {isa = PBXFileReference; lastKnownFileType = image.png; path = "pet_14_male@2x.png"; sourceTree = "<group>"; };
		042B4F771CEC113600E6A5C9 /* pet_15_female@2x.png */ = {isa = PBXFileReference; lastKnownFileType = image.png; path = "pet_15_female@2x.png"; sourceTree = "<group>"; };
		042B4F781CEC113600E6A5C9 /* pet_15_male@2x.png */ = {isa = PBXFileReference; lastKnownFileType = image.png; path = "pet_15_male@2x.png"; sourceTree = "<group>"; };
		042B4F791CEC113600E6A5C9 /* pet_16_female@2x.png */ = {isa = PBXFileReference; lastKnownFileType = image.png; path = "pet_16_female@2x.png"; sourceTree = "<group>"; };
		042B4F7A1CEC113600E6A5C9 /* pet_16_male@2x.png */ = {isa = PBXFileReference; lastKnownFileType = image.png; path = "pet_16_male@2x.png"; sourceTree = "<group>"; };
		042B4F7B1CEC113600E6A5C9 /* pet_17_female@2x.png */ = {isa = PBXFileReference; lastKnownFileType = image.png; path = "pet_17_female@2x.png"; sourceTree = "<group>"; };
		042B4F7C1CEC113600E6A5C9 /* pet_17_male@2x.png */ = {isa = PBXFileReference; lastKnownFileType = image.png; path = "pet_17_male@2x.png"; sourceTree = "<group>"; };
		042B4F7D1CEC113600E6A5C9 /* pet_18_female@2x.png */ = {isa = PBXFileReference; lastKnownFileType = image.png; path = "pet_18_female@2x.png"; sourceTree = "<group>"; };
		042B4F7E1CEC113600E6A5C9 /* pet_18_male@2x.png */ = {isa = PBXFileReference; lastKnownFileType = image.png; path = "pet_18_male@2x.png"; sourceTree = "<group>"; };
		042B4F7F1CEC113600E6A5C9 /* pet_19_female@2x.png */ = {isa = PBXFileReference; lastKnownFileType = image.png; path = "pet_19_female@2x.png"; sourceTree = "<group>"; };
		042B4F801CEC113600E6A5C9 /* pet_19_male@2x.png */ = {isa = PBXFileReference; lastKnownFileType = image.png; path = "pet_19_male@2x.png"; sourceTree = "<group>"; };
		042B4F811CEC113600E6A5C9 /* pet_1_female@2x.png */ = {isa = PBXFileReference; lastKnownFileType = image.png; path = "pet_1_female@2x.png"; sourceTree = "<group>"; };
		042B4FA81CEC154F00E6A5C9 /* petBirthIcon@2x.png */ = {isa = PBXFileReference; lastKnownFileType = image.png; path = "petBirthIcon@2x.png"; sourceTree = "<group>"; };
		04881F861CA50A6E006599FB /* LoginController.h */ = {isa = PBXFileReference; fileEncoding = 4; lastKnownFileType = sourcecode.c.h; path = LoginController.h; sourceTree = "<group>"; };
		04881F871CA50A6E006599FB /* LoginController.m */ = {isa = PBXFileReference; fileEncoding = 4; lastKnownFileType = sourcecode.c.objc; path = LoginController.m; sourceTree = "<group>"; };
		04881FA81CA50E9C006599FB /* WebKit.framework */ = {isa = PBXFileReference; lastKnownFileType = wrapper.framework; name = WebKit.framework; path = System/Library/Frameworks/WebKit.framework; sourceTree = SDKROOT; };
		04A5B97D1CA4D4F000ED827C /* MyTabBarController.h */ = {isa = PBXFileReference; fileEncoding = 4; lastKnownFileType = sourcecode.c.h; path = MyTabBarController.h; sourceTree = "<group>"; };
		04A5B97E1CA4D4F000ED827C /* MyTabBarController.m */ = {isa = PBXFileReference; fileEncoding = 4; lastKnownFileType = sourcecode.c.objc; path = MyTabBarController.m; sourceTree = "<group>"; };
		04A5B9AA1CA4DDFB00ED827C /* GeneralProjectWorkDefs.h */ = {isa = PBXFileReference; fileEncoding = 4; lastKnownFileType = sourcecode.c.h; path = GeneralProjectWorkDefs.h; sourceTree = "<group>"; };
		04A5B9AB1CA4DF1A00ED827C /* GuideController.h */ = {isa = PBXFileReference; fileEncoding = 4; lastKnownFileType = sourcecode.c.h; path = GuideController.h; sourceTree = "<group>"; };
		04A5B9AC1CA4DF1A00ED827C /* GuideController.m */ = {isa = PBXFileReference; fileEncoding = 4; lastKnownFileType = sourcecode.c.objc; path = GuideController.m; sourceTree = "<group>"; };
		04A5B9AE1CA4DF4B00ED827C /* AdvertiseController.h */ = {isa = PBXFileReference; fileEncoding = 4; lastKnownFileType = sourcecode.c.h; path = AdvertiseController.h; sourceTree = "<group>"; };
		04A5B9AF1CA4DF4B00ED827C /* AdvertiseController.m */ = {isa = PBXFileReference; fileEncoding = 4; lastKnownFileType = sourcecode.c.objc; path = AdvertiseController.m; sourceTree = "<group>"; };
		04B478B41CA2449E00B81EDC /* AVFoundation.framework */ = {isa = PBXFileReference; lastKnownFileType = wrapper.framework; name = AVFoundation.framework; path = System/Library/Frameworks/AVFoundation.framework; sourceTree = SDKROOT; };
		04B7F7BC1CA10FC700A120A8 /* CRNavigationBar.h */ = {isa = PBXFileReference; fileEncoding = 4; lastKnownFileType = sourcecode.c.h; path = CRNavigationBar.h; sourceTree = "<group>"; };
		04B7F7BD1CA10FC700A120A8 /* CRNavigationBar.m */ = {isa = PBXFileReference; fileEncoding = 4; lastKnownFileType = sourcecode.c.objc; path = CRNavigationBar.m; sourceTree = "<group>"; };
		04B7F7BE1CA10FC700A120A8 /* CRNavigationController.h */ = {isa = PBXFileReference; fileEncoding = 4; lastKnownFileType = sourcecode.c.h; path = CRNavigationController.h; sourceTree = "<group>"; };
		04B7F7BF1CA10FC700A120A8 /* CRNavigationController.m */ = {isa = PBXFileReference; fileEncoding = 4; lastKnownFileType = sourcecode.c.objc; path = CRNavigationController.m; sourceTree = "<group>"; };
		04B7F7C01CA10FC700A120A8 /* CRUIToolbar.h */ = {isa = PBXFileReference; fileEncoding = 4; lastKnownFileType = sourcecode.c.h; path = CRUIToolbar.h; sourceTree = "<group>"; };
		04B7F7C11CA10FC700A120A8 /* CRUIToolbar.m */ = {isa = PBXFileReference; fileEncoding = 4; lastKnownFileType = sourcecode.c.objc; path = CRUIToolbar.m; sourceTree = "<group>"; };
		04B7F7C61CA1101800A120A8 /* BaseViewController.h */ = {isa = PBXFileReference; fileEncoding = 4; lastKnownFileType = sourcecode.c.h; path = BaseViewController.h; sourceTree = "<group>"; };
		04B7F7C71CA1101800A120A8 /* BaseViewController.m */ = {isa = PBXFileReference; fileEncoding = 4; lastKnownFileType = sourcecode.c.objc; path = BaseViewController.m; sourceTree = "<group>"; };
		04B7F7CA1CA1105700A120A8 /* VCManager.h */ = {isa = PBXFileReference; fileEncoding = 4; lastKnownFileType = sourcecode.c.h; path = VCManager.h; sourceTree = "<group>"; };
		04B7F7CB1CA1105700A120A8 /* VCManager.m */ = {isa = PBXFileReference; fileEncoding = 4; lastKnownFileType = sourcecode.c.objc; path = VCManager.m; sourceTree = "<group>"; };
		04B7F7CE1CA11EED00A120A8 /* CanClickImageView.h */ = {isa = PBXFileReference; fileEncoding = 4; lastKnownFileType = sourcecode.c.h; path = CanClickImageView.h; sourceTree = "<group>"; };
		04B7F7CF1CA11EED00A120A8 /* CanClickImageView.m */ = {isa = PBXFileReference; fileEncoding = 4; lastKnownFileType = sourcecode.c.objc; path = CanClickImageView.m; sourceTree = "<group>"; };
		04B7F7D21CA11FEF00A120A8 /* MyProgressView.h */ = {isa = PBXFileReference; fileEncoding = 4; lastKnownFileType = sourcecode.c.h; path = MyProgressView.h; sourceTree = "<group>"; };
		04B7F7D31CA11FEF00A120A8 /* MyProgressView.m */ = {isa = PBXFileReference; fileEncoding = 4; lastKnownFileType = sourcecode.c.objc; path = MyProgressView.m; sourceTree = "<group>"; };
		04B7F7D61CA1212000A120A8 /* MyWebView.h */ = {isa = PBXFileReference; fileEncoding = 4; lastKnownFileType = sourcecode.c.h; path = MyWebView.h; sourceTree = "<group>"; };
		04B7F7D71CA1212000A120A8 /* MyWebView.m */ = {isa = PBXFileReference; fileEncoding = 4; lastKnownFileType = sourcecode.c.objc; path = MyWebView.m; sourceTree = "<group>"; };
		04B7F7DA1CA1219F00A120A8 /* MyBanner.h */ = {isa = PBXFileReference; fileEncoding = 4; lastKnownFileType = sourcecode.c.h; path = MyBanner.h; sourceTree = "<group>"; };
		04B7F7DB1CA1219F00A120A8 /* MyBanner.m */ = {isa = PBXFileReference; fileEncoding = 4; lastKnownFileType = sourcecode.c.objc; path = MyBanner.m; sourceTree = "<group>"; };
		04B7F7DC1CA1219F00A120A8 /* MyPageControl.h */ = {isa = PBXFileReference; fileEncoding = 4; lastKnownFileType = sourcecode.c.h; path = MyPageControl.h; sourceTree = "<group>"; };
		04B7F7DD1CA1219F00A120A8 /* MyPageControl.m */ = {isa = PBXFileReference; fileEncoding = 4; lastKnownFileType = sourcecode.c.objc; path = MyPageControl.m; sourceTree = "<group>"; };
		04B7F7E11CA136EE00A120A8 /* Reachability.h */ = {isa = PBXFileReference; fileEncoding = 4; lastKnownFileType = sourcecode.c.h; path = Reachability.h; sourceTree = "<group>"; };
		04B7F7E21CA136EE00A120A8 /* Reachability.m */ = {isa = PBXFileReference; fileEncoding = 4; lastKnownFileType = sourcecode.c.objc; path = Reachability.m; sourceTree = "<group>"; };
		04B7F7EC1CA232E200A120A8 /* 37x-failed@2x.png */ = {isa = PBXFileReference; lastKnownFileType = image.png; path = "37x-failed@2x.png"; sourceTree = "<group>"; };
		04B7F7ED1CA232E200A120A8 /* 37x-success@2x.png */ = {isa = PBXFileReference; lastKnownFileType = image.png; path = "37x-success@2x.png"; sourceTree = "<group>"; };
		04B7F7EE1CA232E200A120A8 /* 37x-warning@2x.png */ = {isa = PBXFileReference; lastKnownFileType = image.png; path = "37x-warning@2x.png"; sourceTree = "<group>"; };
		04D1AF501CEAAF2D00CC7D30 /* welcome_1@2x.png */ = {isa = PBXFileReference; lastKnownFileType = image.png; path = "welcome_1@2x.png"; sourceTree = "<group>"; };
		04D1AF511CEAAF2D00CC7D30 /* welcome_2@2x.png */ = {isa = PBXFileReference; lastKnownFileType = image.png; path = "welcome_2@2x.png"; sourceTree = "<group>"; };
		04D1AF521CEAAF2D00CC7D30 /* welcome_3@2x.png */ = {isa = PBXFileReference; lastKnownFileType = image.png; path = "welcome_3@2x.png"; sourceTree = "<group>"; };
		04D1AF531CEAAF2D00CC7D30 /* welcome_4@2x.png */ = {isa = PBXFileReference; lastKnownFileType = image.png; path = "welcome_4@2x.png"; sourceTree = "<group>"; };
		04D1AF581CEAAFF600CC7D30 /* logo_29@2x.png */ = {isa = PBXFileReference; lastKnownFileType = image.png; path = "logo_29@2x.png"; sourceTree = "<group>"; };
		04D1AF591CEAAFF600CC7D30 /* logo_57@2x.png */ = {isa = PBXFileReference; lastKnownFileType = image.png; path = "logo_57@2x.png"; sourceTree = "<group>"; };
		04D1AF5A1CEAAFF600CC7D30 /* logo_58@2x.png */ = {isa = PBXFileReference; lastKnownFileType = image.png; path = "logo_58@2x.png"; sourceTree = "<group>"; };
		04D1AF5B1CEAAFF600CC7D30 /* logo_80@2x.png */ = {isa = PBXFileReference; lastKnownFileType = image.png; path = "logo_80@2x.png"; sourceTree = "<group>"; };
		04D1AF5C1CEAAFF600CC7D30 /* logo_114@2x.png */ = {isa = PBXFileReference; lastKnownFileType = image.png; path = "logo_114@2x.png"; sourceTree = "<group>"; };
		04D1AF5D1CEAAFF600CC7D30 /* logo_120@2x.png */ = {isa = PBXFileReference; lastKnownFileType = image.png; path = "logo_120@2x.png"; sourceTree = "<group>"; };
		04D1AF641CEAB15E00CC7D30 /* Default-568h@2x.png */ = {isa = PBXFileReference; lastKnownFileType = image.png; path = "Default-568h@2x.png"; sourceTree = "<group>"; };
		04D1AF651CEAB15E00CC7D30 /* Default.png */ = {isa = PBXFileReference; lastKnownFileType = image.png; path = Default.png; sourceTree = "<group>"; };
		04D1AF661CEAB15E00CC7D30 /* Default@2x.png */ = {isa = PBXFileReference; lastKnownFileType = image.png; path = "Default@2x.png"; sourceTree = "<group>"; };
		04D1AF6A1CEAB28000CC7D30 /* ad_start@2x.png */ = {isa = PBXFileReference; lastKnownFileType = image.png; path = "ad_start@2x.png"; sourceTree = "<group>"; };
		04D1AF711CEAB58E00CC7D30 /* NearController.h */ = {isa = PBXFileReference; fileEncoding = 4; lastKnownFileType = sourcecode.c.h; path = NearController.h; sourceTree = "<group>"; };
		04D1AF721CEAB58E00CC7D30 /* NearController.m */ = {isa = PBXFileReference; fileEncoding = 4; lastKnownFileType = sourcecode.c.objc; path = NearController.m; sourceTree = "<group>"; };
		04D1AF741CEAB59B00CC7D30 /* ContactController.h */ = {isa = PBXFileReference; fileEncoding = 4; lastKnownFileType = sourcecode.c.h; path = ContactController.h; sourceTree = "<group>"; };
		04D1AF751CEAB59B00CC7D30 /* ContactController.m */ = {isa = PBXFileReference; fileEncoding = 4; lastKnownFileType = sourcecode.c.objc; path = ContactController.m; sourceTree = "<group>"; };
		04D1AF771CEAB5A900CC7D30 /* ChatListController.h */ = {isa = PBXFileReference; fileEncoding = 4; lastKnownFileType = sourcecode.c.h; path = ChatListController.h; sourceTree = "<group>"; };
		04D1AF781CEAB5A900CC7D30 /* ChatListController.m */ = {isa = PBXFileReference; fileEncoding = 4; lastKnownFileType = sourcecode.c.objc; path = ChatListController.m; sourceTree = "<group>"; };
		04D1AF7A1CEAB5BC00CC7D30 /* DiscoveryController.h */ = {isa = PBXFileReference; fileEncoding = 4; lastKnownFileType = sourcecode.c.h; path = DiscoveryController.h; sourceTree = "<group>"; };
		04D1AF7B1CEAB5BC00CC7D30 /* DiscoveryController.m */ = {isa = PBXFileReference; fileEncoding = 4; lastKnownFileType = sourcecode.c.objc; path = DiscoveryController.m; sourceTree = "<group>"; };
		04D1AF7D1CEAB5CA00CC7D30 /* MyCenterController.h */ = {isa = PBXFileReference; fileEncoding = 4; lastKnownFileType = sourcecode.c.h; path = MyCenterController.h; sourceTree = "<group>"; };
		04D1AF7E1CEAB5CA00CC7D30 /* MyCenterController.m */ = {isa = PBXFileReference; fileEncoding = 4; lastKnownFileType = sourcecode.c.objc; path = MyCenterController.m; sourceTree = "<group>"; };
		04D1AF801CEAB8A100CC7D30 /* tab_01_N@2x.png */ = {isa = PBXFileReference; lastKnownFileType = image.png; path = "tab_01_N@2x.png"; sourceTree = "<group>"; };
		04D1AF811CEAB8A100CC7D30 /* tab_01_S@2x.png */ = {isa = PBXFileReference; lastKnownFileType = image.png; path = "tab_01_S@2x.png"; sourceTree = "<group>"; };
		04D1AF821CEAB8A100CC7D30 /* tab_02_N@2x.png */ = {isa = PBXFileReference; lastKnownFileType = image.png; path = "tab_02_N@2x.png"; sourceTree = "<group>"; };
		04D1AF831CEAB8A100CC7D30 /* tab_02_S@2x.png */ = {isa = PBXFileReference; lastKnownFileType = image.png; path = "tab_02_S@2x.png"; sourceTree = "<group>"; };
		04D1AF841CEAB8A100CC7D30 /* tab_03_N@2x.png */ = {isa = PBXFileReference; lastKnownFileType = image.png; path = "tab_03_N@2x.png"; sourceTree = "<group>"; };
		04D1AF851CEAB8A100CC7D30 /* tab_03_S@2x.png */ = {isa = PBXFileReference; lastKnownFileType = image.png; path = "tab_03_S@2x.png"; sourceTree = "<group>"; };
		04D1AF861CEAB8A100CC7D30 /* tab_04_N@2x.png */ = {isa = PBXFileReference; lastKnownFileType = image.png; path = "tab_04_N@2x.png"; sourceTree = "<group>"; };
		04D1AF871CEAB8A100CC7D30 /* tab_04_S@2x.png */ = {isa = PBXFileReference; lastKnownFileType = image.png; path = "tab_04_S@2x.png"; sourceTree = "<group>"; };
		04D1AF881CEAB8A100CC7D30 /* tab_05_N@2x.png */ = {isa = PBXFileReference; lastKnownFileType = image.png; path = "tab_05_N@2x.png"; sourceTree = "<group>"; };
		04D1AF891CEAB8A100CC7D30 /* tab_05_S@2x.png */ = {isa = PBXFileReference; lastKnownFileType = image.png; path = "tab_05_S@2x.png"; sourceTree = "<group>"; };
		04D1AF941CEAB92300CC7D30 /* tabbar_bk@2x.png */ = {isa = PBXFileReference; lastKnownFileType = image.png; path = "tabbar_bk@2x.png"; sourceTree = "<group>"; };
		04D1AF961CEAD83300CC7D30 /* Images.xcassets */ = {isa = PBXFileReference; lastKnownFileType = folder.assetcatalog; path = Images.xcassets; sourceTree = "<group>"; };
		04D1AF981CEAEC5200CC7D30 /* navbarBg@2x.png */ = {isa = PBXFileReference; lastKnownFileType = image.png; path = "navbarBg@2x.png"; sourceTree = "<group>"; };
		04D1AF9A1CEAEE8300CC7D30 /* viewBg@2x.png */ = {isa = PBXFileReference; lastKnownFileType = image.png; path = "viewBg@2x.png"; sourceTree = "<group>"; };
		04D1AF9D1CEAF03600CC7D30 /* DiscoveryTableCell.h */ = {isa = PBXFileReference; fileEncoding = 4; lastKnownFileType = sourcecode.c.h; path = DiscoveryTableCell.h; sourceTree = "<group>"; };
		04D1AF9E1CEAF03600CC7D30 /* DiscoveryTableCell.m */ = {isa = PBXFileReference; fileEncoding = 4; lastKnownFileType = sourcecode.c.objc; path = DiscoveryTableCell.m; sourceTree = "<group>"; };
		04D1AFA11CEAF5C500CC7D30 /* discovery_icon_3@2x.png */ = {isa = PBXFileReference; lastKnownFileType = image.png; path = "discovery_icon_3@2x.png"; sourceTree = "<group>"; };
		04D1AFA21CEAF5C500CC7D30 /* discovery_icon_2@2x.png */ = {isa = PBXFileReference; lastKnownFileType = image.png; path = "discovery_icon_2@2x.png"; sourceTree = "<group>"; };
		04D1AFA31CEAF5C500CC7D30 /* discovery_icon_5@2x.png */ = {isa = PBXFileReference; lastKnownFileType = image.png; path = "discovery_icon_5@2x.png"; sourceTree = "<group>"; };
		04D1AFA41CEAF5C500CC7D30 /* discovery_icon_1@2x.png */ = {isa = PBXFileReference; lastKnownFileType = image.png; path = "discovery_icon_1@2x.png"; sourceTree = "<group>"; };
		04D1AFA51CEAF5C500CC7D30 /* discovery_icon_0@2x.png */ = {isa = PBXFileReference; lastKnownFileType = image.png; path = "discovery_icon_0@2x.png"; sourceTree = "<group>"; };
		04D1AFA61CEAF5C500CC7D30 /* discoveryCellbgN@2x.png */ = {isa = PBXFileReference; lastKnownFileType = image.png; path = "discoveryCellbgN@2x.png"; sourceTree = "<group>"; };
		04D1AFA71CEAF5C500CC7D30 /* discoveryCellbgS@2x.png */ = {isa = PBXFileReference; lastKnownFileType = image.png; path = "discoveryCellbgS@2x.png"; sourceTree = "<group>"; };
		04D1AFA81CEAF5C500CC7D30 /* discovery_icon_4@2x.png */ = {isa = PBXFileReference; lastKnownFileType = image.png; path = "discovery_icon_4@2x.png"; sourceTree = "<group>"; };
		04D1AFA91CEAF5C500CC7D30 /* discoveryCellArrow@2x.png */ = {isa = PBXFileReference; lastKnownFileType = image.png; path = "discoveryCellArrow@2x.png"; sourceTree = "<group>"; };
		04D1AFB41CEAFEAC00CC7D30 /* MyCenterTableCell.h */ = {isa = PBXFileReference; fileEncoding = 4; lastKnownFileType = sourcecode.c.h; path = MyCenterTableCell.h; sourceTree = "<group>"; };
		04D1AFB51CEAFEAC00CC7D30 /* MyCenterTableCell.m */ = {isa = PBXFileReference; fileEncoding = 4; lastKnownFileType = sourcecode.c.objc; path = MyCenterTableCell.m; sourceTree = "<group>"; };
		04D1AFB81CEAFF8700CC7D30 /* myCenter_icon_0@2x.png */ = {isa = PBXFileReference; lastKnownFileType = image.png; path = "myCenter_icon_0@2x.png"; sourceTree = "<group>"; };
		04D1AFB91CEAFF8700CC7D30 /* myCenter_icon_1@2x.png */ = {isa = PBXFileReference; lastKnownFileType = image.png; path = "myCenter_icon_1@2x.png"; sourceTree = "<group>"; };
		04D1AFBA1CEAFF8700CC7D30 /* myCenter_icon_2@2x.png */ = {isa = PBXFileReference; lastKnownFileType = image.png; path = "myCenter_icon_2@2x.png"; sourceTree = "<group>"; };
		04D1AFBE1CEB00B000CC7D30 /* myCenter_gapLine@2x.png */ = {isa = PBXFileReference; lastKnownFileType = image.png; path = "myCenter_gapLine@2x.png"; sourceTree = "<group>"; };
		04D1AFC01CEB026E00CC7D30 /* MyCenterHeaderView.h */ = {isa = PBXFileReference; fileEncoding = 4; lastKnownFileType = sourcecode.c.h; path = MyCenterHeaderView.h; sourceTree = "<group>"; };
		04D1AFC11CEB026E00CC7D30 /* MyCenterHeaderView.m */ = {isa = PBXFileReference; fileEncoding = 4; lastKnownFileType = sourcecode.c.objc; path = MyCenterHeaderView.m; sourceTree = "<group>"; };
		04D1AFC31CEB044B00CC7D30 /* myCenter_headerBg@2x.png */ = {isa = PBXFileReference; lastKnownFileType = image.png; path = "myCenter_headerBg@2x.png"; sourceTree = "<group>"; };
		04D1AFC61CEB09D300CC7D30 /* ChatListSingleChatTableCell.h */ = {isa = PBXFileReference; fileEncoding = 4; lastKnownFileType = sourcecode.c.h; path = ChatListSingleChatTableCell.h; sourceTree = "<group>"; };
		04D1AFC71CEB09D300CC7D30 /* ChatListSingleChatTableCell.m */ = {isa = PBXFileReference; fileEncoding = 4; lastKnownFileType = sourcecode.c.objc; path = ChatListSingleChatTableCell.m; sourceTree = "<group>"; };
		04D1AFC91CEB0A1600CC7D30 /* ChatListThreeChatterChatTableCell.h */ = {isa = PBXFileReference; fileEncoding = 4; lastKnownFileType = sourcecode.c.h; path = ChatListThreeChatterChatTableCell.h; sourceTree = "<group>"; };
		04D1AFCA1CEB0A1600CC7D30 /* ChatListThreeChatterChatTableCell.m */ = {isa = PBXFileReference; fileEncoding = 4; lastKnownFileType = sourcecode.c.objc; path = ChatListThreeChatterChatTableCell.m; sourceTree = "<group>"; };
		04D1AFCC1CEB0A4D00CC7D30 /* ChatListMoreChatterChatTableCell.h */ = {isa = PBXFileReference; fileEncoding = 4; lastKnownFileType = sourcecode.c.h; path = ChatListMoreChatterChatTableCell.h; sourceTree = "<group>"; };
		04D1AFCD1CEB0A4D00CC7D30 /* ChatListMoreChatterChatTableCell.m */ = {isa = PBXFileReference; fileEncoding = 4; lastKnownFileType = sourcecode.c.objc; path = ChatListMoreChatterChatTableCell.m; sourceTree = "<group>"; };
		04D1AFD01CEB0BA000CC7D30 /* chatList_singleUser_0@2x.png */ = {isa = PBXFileReference; lastKnownFileType = image.png; path = "chatList_singleUser_0@2x.png"; sourceTree = "<group>"; };
		04D1AFD21CEB0C1900CC7D30 /* chatList_gapline@2x.png */ = {isa = PBXFileReference; lastKnownFileType = image.png; path = "chatList_gapline@2x.png"; sourceTree = "<group>"; };
		04D1AFD41CEB10E700CC7D30 /* chatList_singleUser_1@2x.png */ = {isa = PBXFileReference; lastKnownFileType = image.png; path = "chatList_singleUser_1@2x.png"; sourceTree = "<group>"; };
		04D1AFD61CEB116000CC7D30 /* chatList_singleUser_2@2x.png */ = {isa = PBXFileReference; lastKnownFileType = image.png; path = "chatList_singleUser_2@2x.png"; sourceTree = "<group>"; };
		04D1AFD81CEB15D100CC7D30 /* chatList_moreChat_0@2x.png */ = {isa = PBXFileReference; lastKnownFileType = image.png; path = "chatList_moreChat_0@2x.png"; sourceTree = "<group>"; };
		04D1AFD91CEB15D100CC7D30 /* chatList_moreChat_1@2x.png */ = {isa = PBXFileReference; lastKnownFileType = image.png; path = "chatList_moreChat_1@2x.png"; sourceTree = "<group>"; };
		04D1AFDA1CEB15D100CC7D30 /* chatList_moreChat_2@2x.png */ = {isa = PBXFileReference; lastKnownFileType = image.png; path = "chatList_moreChat_2@2x.png"; sourceTree = "<group>"; };
		A0DA97989BA93876888B63F4 /* Pods-GeneralProjectWork.debug.xcconfig */ = {isa = PBXFileReference; includeInIndex = 1; lastKnownFileType = text.xcconfig; name = "Pods-GeneralProjectWork.debug.xcconfig"; path = "Pods/Target Support Files/Pods-GeneralProjectWork/Pods-GeneralProjectWork.debug.xcconfig"; sourceTree = "<group>"; };
		CEB3B3C058C7D1A1E6867C83 /* libPods-GeneralProjectWork.a */ = {isa = PBXFileReference; explicitFileType = archive.ar; includeInIndex = 0; path = "libPods-GeneralProjectWork.a"; sourceTree = BUILT_PRODUCTS_DIR; };
		F726A85B7F5B86F6C30810CA /* Pods-GeneralProjectWork.release.xcconfig */ = {isa = PBXFileReference; includeInIndex = 1; lastKnownFileType = text.xcconfig; name = "Pods-GeneralProjectWork.release.xcconfig"; path = "Pods/Target Support Files/Pods-GeneralProjectWork/Pods-GeneralProjectWork.release.xcconfig"; sourceTree = "<group>"; };
/* End PBXFileReference section */

/* Begin PBXFrameworksBuildPhase section */
		04287AD01C9F88D60061AFCF /* Frameworks */ = {
			isa = PBXFrameworksBuildPhase;
			buildActionMask = 2147483647;
			files = (
				04881FA91CA50E9C006599FB /* WebKit.framework in Frameworks */,
				04B478B51CA2449E00B81EDC /* AVFoundation.framework in Frameworks */,
				04287AFF1C9F8A3A0061AFCF /* Foundation.framework in Frameworks */,
				04287AFD1C9F8A220061AFCF /* UIKit.framework in Frameworks */,
				F9549F9FC35941B77E2C12F0 /* libPods-GeneralProjectWork.a in Frameworks */,
			);
			runOnlyForDeploymentPostprocessing = 0;
		};
		04287AE91C9F88D70061AFCF /* Frameworks */ = {
			isa = PBXFrameworksBuildPhase;
			buildActionMask = 2147483647;
			files = (
			);
			runOnlyForDeploymentPostprocessing = 0;
		};
/* End PBXFrameworksBuildPhase section */

/* Begin PBXGroup section */
		04287ACA1C9F88D60061AFCF = {
			isa = PBXGroup;
			children = (
				04287AD51C9F88D60061AFCF /* GeneralProjectWork */,
				04287AFB1C9F89BB0061AFCF /* Frameworks */,
				04287AEF1C9F88D70061AFCF /* GeneralProjectWorkTests */,
				04287AD41C9F88D60061AFCF /* Products */,
				ABB35C9BBA6000FE8F46C2DA /* Pods */,
			);
			sourceTree = "<group>";
		};
		04287AD41C9F88D60061AFCF /* Products */ = {
			isa = PBXGroup;
			children = (
				04287AD31C9F88D60061AFCF /* GeneralProjectWork.app */,
				04287AEC1C9F88D70061AFCF /* GeneralProjectWorkTests.xctest */,
			);
			name = Products;
			sourceTree = "<group>";
		};
		04287AD51C9F88D60061AFCF /* GeneralProjectWork */ = {
			isa = PBXGroup;
			children = (
				04B7F7EA1CA2327A00A120A8 /* Resources */,
				04287B001C9F8AC10061AFCF /* Code */,
				04287AD91C9F88D60061AFCF /* AppDelegate.h */,
				04287ADA1C9F88D60061AFCF /* AppDelegate.m */,
				04287AE71C9F88D60061AFCF /* Info.plist */,
				04D1AF961CEAD83300CC7D30 /* Images.xcassets */,
				04287AD61C9F88D60061AFCF /* Supporting Files */,
			);
			path = GeneralProjectWork;
			sourceTree = "<group>";
		};
		04287AD61C9F88D60061AFCF /* Supporting Files */ = {
			isa = PBXGroup;
			children = (
				04287AD71C9F88D60061AFCF /* main.m */,
				04287B0A1C9F95E10061AFCF /* PrefixHeader.pch */,
			);
			name = "Supporting Files";
			sourceTree = "<group>";
		};
		04287AEF1C9F88D70061AFCF /* GeneralProjectWorkTests */ = {
			isa = PBXGroup;
			children = (
				04287AF01C9F88D70061AFCF /* GeneralProjectWorkTests.m */,
				04287AF21C9F88D70061AFCF /* Info.plist */,
			);
			path = GeneralProjectWorkTests;
			sourceTree = "<group>";
		};
		04287AFB1C9F89BB0061AFCF /* Frameworks */ = {
			isa = PBXGroup;
			children = (
				04881FA81CA50E9C006599FB /* WebKit.framework */,
				04B478B41CA2449E00B81EDC /* AVFoundation.framework */,
				04287AFE1C9F8A3A0061AFCF /* Foundation.framework */,
				04287AFC1C9F8A220061AFCF /* UIKit.framework */,
				CEB3B3C058C7D1A1E6867C83 /* libPods-GeneralProjectWork.a */,
			);
			name = Frameworks;
			sourceTree = "<group>";
		};
		04287B001C9F8AC10061AFCF /* Code */ = {
			isa = PBXGroup;
			children = (
				04287B081C9F91500061AFCF /* Model */,
				04287B061C9F914B0061AFCF /* View */,
				04A5B97B1CA4D45100ED827C /* Controllers */,
				04287B041C9F91310061AFCF /* Common */,
				04287B191C9FCFC70061AFCF /* Class */,
				04287B031C9F91290061AFCF /* Libs */,
				04287B021C9F911F0061AFCF /* Macro */,
			);
			path = Code;
			sourceTree = "<group>";
		};
		04287B021C9F911F0061AFCF /* Macro */ = {
			isa = PBXGroup;
			children = (
				04287B181C9FC90B0061AFCF /* Constants.h */,
				04287B131C9FC80D0061AFCF /* AppConfig.h */,
				04287B141C9FC8650061AFCF /* URLConfig.h */,
				04287B151C9FC87B0061AFCF /* FMDBConfig.h */,
				04287B171C9FC8B60061AFCF /* ControllerConfig.h */,
				04287B161C9FC89F0061AFCF /* SizeFontColorConfig.h */,
				04A5B9AA1CA4DDFB00ED827C /* GeneralProjectWorkDefs.h */,
			);
			path = Macro;
			sourceTree = "<group>";
		};
		04287B031C9F91290061AFCF /* Libs */ = {
			isa = PBXGroup;
			children = (
			);
			path = Libs;
			sourceTree = "<group>";
		};
		04287B041C9F91310061AFCF /* Common */ = {
			isa = PBXGroup;
			children = (
				04287B1E1C9FD17E0061AFCF /* CoreUtil */,
				04287B0E1C9FC62B0061AFCF /* GeneralProjectWorkApi */,
			);
			path = Common;
			sourceTree = "<group>";
		};
		04287B061C9F914B0061AFCF /* View */ = {
			isa = PBXGroup;
			children = (
				042B4F4F1CEBF6D000E6A5C9 /* ContactView */,
				04D1AFC51CEB094D00CC7D30 /* ChatListView */,
				04D1AFB31CEAFE9B00CC7D30 /* MyCenterView */,
				04D1AF9C1CEAF01B00CC7D30 /* DiscoveryView */,
				04287B071C9F914B0061AFCF /* CommonView */,
			);
			path = View;
			sourceTree = "<group>";
		};
		04287B071C9F914B0061AFCF /* CommonView */ = {
			isa = PBXGroup;
			children = (
				04B7F7D91CA1219F00A120A8 /* MyBanner */,
				04B7F7D51CA1212000A120A8 /* MyWebView */,
				04B7F7D11CA11FEF00A120A8 /* MyProgressView */,
				04B7F7CD1CA11EED00A120A8 /* CanClickImageView */,
			);
			path = CommonView;
			sourceTree = "<group>";
		};
		04287B081C9F91500061AFCF /* Model */ = {
			isa = PBXGroup;
			children = (
				04B7F7C91CA1105700A120A8 /* VCManager */,
			);
			path = Model;
			sourceTree = "<group>";
		};
		04287B0E1C9FC62B0061AFCF /* GeneralProjectWorkApi */ = {
			isa = PBXGroup;
			children = (
				04287B0F1C9FC62B0061AFCF /* ConnectManager.h */,
				04287B101C9FC62B0061AFCF /* ConnectManager.m */,
			);
			path = GeneralProjectWorkApi;
			sourceTree = "<group>";
		};
		04287B191C9FCFC70061AFCF /* Class */ = {
			isa = PBXGroup;
			children = (
				04B7F7E01CA136EE00A120A8 /* Reachability */,
				04B7F7C51CA1101800A120A8 /* BaseViewController */,
				04B7F7BB1CA10FC700A120A8 /* CRNavigationController */,
				04287B1A1C9FD0350061AFCF /* Extention */,
			);
			path = Class;
			sourceTree = "<group>";
		};
		04287B1A1C9FD0350061AFCF /* Extention */ = {
			isa = PBXGroup;
			children = (
				04287B1B1C9FD04E0061AFCF /* UIViewExt.h */,
				04287B1C1C9FD04E0061AFCF /* UIViewExt.m */,
			);
			path = Extention;
			sourceTree = "<group>";
		};
		04287B1E1C9FD17E0061AFCF /* CoreUtil */ = {
			isa = PBXGroup;
			children = (
				04287B1F1C9FD17E0061AFCF /* CoreUtil.h */,
				04287B201C9FD17E0061AFCF /* CoreUtil.m */,
				04287B211C9FD17E0061AFCF /* UtilTool.h */,
				04287B221C9FD17E0061AFCF /* UtilTool.m */,
			);
			path = CoreUtil;
			sourceTree = "<group>";
		};
		042B4F4F1CEBF6D000E6A5C9 /* ContactView */ = {
			isa = PBXGroup;
			children = (
				042B4F501CEBF6E400E6A5C9 /* ContactHeaderView.h */,
				042B4F511CEBF6E400E6A5C9 /* ContactHeaderView.m */,
				042B4F531CEBF94A00E6A5C9 /* ContactListTableCell.h */,
				042B4F541CEBF94A00E6A5C9 /* ContactListTableCell.m */,
			);
			path = ContactView;
			sourceTree = "<group>";
		};
		04881F851CA50A5F006599FB /* Login & Register */ = {
			isa = PBXGroup;
			children = (
				04881F861CA50A6E006599FB /* LoginController.h */,
				04881F871CA50A6E006599FB /* LoginController.m */,
			);
			path = "Login & Register";
			sourceTree = "<group>";
		};
		04881F891CA50B70006599FB /* LaunchImage */ = {
			isa = PBXGroup;
			children = (
				04D1AF641CEAB15E00CC7D30 /* Default-568h@2x.png */,
				04D1AF651CEAB15E00CC7D30 /* Default.png */,
				04D1AF661CEAB15E00CC7D30 /* Default@2x.png */,
			);
			path = LaunchImage;
			sourceTree = "<group>";
		};
		04881F921CA50D8E006599FB /* AppIcon */ = {
			isa = PBXGroup;
			children = (
				04D1AF581CEAAFF600CC7D30 /* logo_29@2x.png */,
				04D1AF591CEAAFF600CC7D30 /* logo_57@2x.png */,
				04D1AF5A1CEAAFF600CC7D30 /* logo_58@2x.png */,
				04D1AF5B1CEAAFF600CC7D30 /* logo_80@2x.png */,
				04D1AF5C1CEAAFF600CC7D30 /* logo_114@2x.png */,
				04D1AF5D1CEAAFF600CC7D30 /* logo_120@2x.png */,
			);
			path = AppIcon;
			sourceTree = "<group>";
		};
		04881F9D1CA50DAC006599FB /* AppWelcomeImage */ = {
			isa = PBXGroup;
			children = (
				04D1AF6A1CEAB28000CC7D30 /* ad_start@2x.png */,
				04D1AF501CEAAF2D00CC7D30 /* welcome_1@2x.png */,
				04D1AF511CEAAF2D00CC7D30 /* welcome_2@2x.png */,
				04D1AF521CEAAF2D00CC7D30 /* welcome_3@2x.png */,
				04D1AF531CEAAF2D00CC7D30 /* welcome_4@2x.png */,
			);
			path = AppWelcomeImage;
			sourceTree = "<group>";
		};
		04A5B97B1CA4D45100ED827C /* Controllers */ = {
			isa = PBXGroup;
			children = (
				04D1AF701CEAB55C00CC7D30 /* Near */,
				04D1AF6D1CEAB55400CC7D30 /* Contact */,
				04D1AF6C1CEAB55400CC7D30 /* Chat */,
				04D1AF6E1CEAB55400CC7D30 /* Discovery */,
				04D1AF6F1CEAB55C00CC7D30 /* MyCenter */,
				04881F851CA50A5F006599FB /* Login & Register */,
				04A5B97C1CA4D47500ED827C /* Main */,
			);
			path = Controllers;
			sourceTree = "<group>";
		};
		04A5B97C1CA4D47500ED827C /* Main */ = {
			isa = PBXGroup;
			children = (
				04A5B97D1CA4D4F000ED827C /* MyTabBarController.h */,
				04A5B97E1CA4D4F000ED827C /* MyTabBarController.m */,
				04A5B9AB1CA4DF1A00ED827C /* GuideController.h */,
				04A5B9AC1CA4DF1A00ED827C /* GuideController.m */,
				04A5B9AE1CA4DF4B00ED827C /* AdvertiseController.h */,
				04A5B9AF1CA4DF4B00ED827C /* AdvertiseController.m */,
			);
			path = Main;
			sourceTree = "<group>";
		};
		04A5B9971CA4DC2F00ED827C /* TabbarImage */ = {
			isa = PBXGroup;
			children = (
				04D1AF941CEAB92300CC7D30 /* tabbar_bk@2x.png */,
				04D1AF801CEAB8A100CC7D30 /* tab_01_N@2x.png */,
				04D1AF811CEAB8A100CC7D30 /* tab_01_S@2x.png */,
				04D1AF821CEAB8A100CC7D30 /* tab_02_N@2x.png */,
				04D1AF831CEAB8A100CC7D30 /* tab_02_S@2x.png */,
				04D1AF841CEAB8A100CC7D30 /* tab_03_N@2x.png */,
				04D1AF851CEAB8A100CC7D30 /* tab_03_S@2x.png */,
				04D1AF861CEAB8A100CC7D30 /* tab_04_N@2x.png */,
				04D1AF871CEAB8A100CC7D30 /* tab_04_S@2x.png */,
				04D1AF881CEAB8A100CC7D30 /* tab_05_N@2x.png */,
				04D1AF891CEAB8A100CC7D30 /* tab_05_S@2x.png */,
			);
			path = TabbarImage;
			sourceTree = "<group>";
		};
		04B7F7BB1CA10FC700A120A8 /* CRNavigationController */ = {
			isa = PBXGroup;
			children = (
				04B7F7BC1CA10FC700A120A8 /* CRNavigationBar.h */,
				04B7F7BD1CA10FC700A120A8 /* CRNavigationBar.m */,
				04B7F7BE1CA10FC700A120A8 /* CRNavigationController.h */,
				04B7F7BF1CA10FC700A120A8 /* CRNavigationController.m */,
				04B7F7C01CA10FC700A120A8 /* CRUIToolbar.h */,
				04B7F7C11CA10FC700A120A8 /* CRUIToolbar.m */,
			);
			path = CRNavigationController;
			sourceTree = "<group>";
		};
		04B7F7C51CA1101800A120A8 /* BaseViewController */ = {
			isa = PBXGroup;
			children = (
				04B7F7C61CA1101800A120A8 /* BaseViewController.h */,
				04B7F7C71CA1101800A120A8 /* BaseViewController.m */,
			);
			path = BaseViewController;
			sourceTree = "<group>";
		};
		04B7F7C91CA1105700A120A8 /* VCManager */ = {
			isa = PBXGroup;
			children = (
				04B7F7CA1CA1105700A120A8 /* VCManager.h */,
				04B7F7CB1CA1105700A120A8 /* VCManager.m */,
			);
			path = VCManager;
			sourceTree = "<group>";
		};
		04B7F7CD1CA11EED00A120A8 /* CanClickImageView */ = {
			isa = PBXGroup;
			children = (
				04B7F7CE1CA11EED00A120A8 /* CanClickImageView.h */,
				04B7F7CF1CA11EED00A120A8 /* CanClickImageView.m */,
			);
			path = CanClickImageView;
			sourceTree = "<group>";
		};
		04B7F7D11CA11FEF00A120A8 /* MyProgressView */ = {
			isa = PBXGroup;
			children = (
				04B7F7D21CA11FEF00A120A8 /* MyProgressView.h */,
				04B7F7D31CA11FEF00A120A8 /* MyProgressView.m */,
			);
			path = MyProgressView;
			sourceTree = "<group>";
		};
		04B7F7D51CA1212000A120A8 /* MyWebView */ = {
			isa = PBXGroup;
			children = (
				04B7F7D61CA1212000A120A8 /* MyWebView.h */,
				04B7F7D71CA1212000A120A8 /* MyWebView.m */,
			);
			path = MyWebView;
			sourceTree = "<group>";
		};
		04B7F7D91CA1219F00A120A8 /* MyBanner */ = {
			isa = PBXGroup;
			children = (
				04B7F7DA1CA1219F00A120A8 /* MyBanner.h */,
				04B7F7DB1CA1219F00A120A8 /* MyBanner.m */,
				04B7F7DC1CA1219F00A120A8 /* MyPageControl.h */,
				04B7F7DD1CA1219F00A120A8 /* MyPageControl.m */,
			);
			path = MyBanner;
			sourceTree = "<group>";
		};
		04B7F7E01CA136EE00A120A8 /* Reachability */ = {
			isa = PBXGroup;
			children = (
				04B7F7E11CA136EE00A120A8 /* Reachability.h */,
				04B7F7E21CA136EE00A120A8 /* Reachability.m */,
			);
			path = Reachability;
			sourceTree = "<group>";
		};
		04B7F7EA1CA2327A00A120A8 /* Resources */ = {
			isa = PBXGroup;
			children = (
				04D1AFCF1CEB0BA000CC7D30 /* ChatListImage */,
				04D1AFB71CEAFF8700CC7D30 /* MyCenterImage */,
				04D1AFA01CEAF5C500CC7D30 /* DiscoveryImage */,
				04881F9D1CA50DAC006599FB /* AppWelcomeImage */,
				04881F921CA50D8E006599FB /* AppIcon */,
				04881F891CA50B70006599FB /* LaunchImage */,
				04A5B9971CA4DC2F00ED827C /* TabbarImage */,
				04B7F7EB1CA2329200A120A8 /* CommomImage */,
			);
			path = Resources;
			sourceTree = "<group>";
		};
		04B7F7EB1CA2329200A120A8 /* CommomImage */ = {
			isa = PBXGroup;
			children = (
				042B4F5A1CEC028F00E6A5C9 /* contactUserIcon@2x.png */,
				042B4F581CEC023E00E6A5C9 /* contactPetIcon@2x.png */,
				042B4F561CEBFD0C00E6A5C9 /* contactCellBg@2x.png */,
				04D1AF9A1CEAEE8300CC7D30 /* viewBg@2x.png */,
				04D1AF981CEAEC5200CC7D30 /* navbarBg@2x.png */,
				04B7F7EC1CA232E200A120A8 /* 37x-failed@2x.png */,
				04B7F7ED1CA232E200A120A8 /* 37x-success@2x.png */,
				04B7F7EE1CA232E200A120A8 /* 37x-warning@2x.png */,
			);
			path = CommomImage;
			sourceTree = "<group>";
		};
		04D1AF6C1CEAB55400CC7D30 /* Chat */ = {
			isa = PBXGroup;
			children = (
				04D1AF771CEAB5A900CC7D30 /* ChatListController.h */,
				04D1AF781CEAB5A900CC7D30 /* ChatListController.m */,
			);
			path = Chat;
			sourceTree = "<group>";
		};
		04D1AF6D1CEAB55400CC7D30 /* Contact */ = {
			isa = PBXGroup;
			children = (
				04D1AF741CEAB59B00CC7D30 /* ContactController.h */,
				04D1AF751CEAB59B00CC7D30 /* ContactController.m */,
			);
			path = Contact;
			sourceTree = "<group>";
		};
		04D1AF6E1CEAB55400CC7D30 /* Discovery */ = {
			isa = PBXGroup;
			children = (
				04D1AF7A1CEAB5BC00CC7D30 /* DiscoveryController.h */,
				04D1AF7B1CEAB5BC00CC7D30 /* DiscoveryController.m */,
			);
			path = Discovery;
			sourceTree = "<group>";
		};
		04D1AF6F1CEAB55C00CC7D30 /* MyCenter */ = {
			isa = PBXGroup;
			children = (
				04D1AF7D1CEAB5CA00CC7D30 /* MyCenterController.h */,
				04D1AF7E1CEAB5CA00CC7D30 /* MyCenterController.m */,
			);
			path = MyCenter;
			sourceTree = "<group>";
		};
		04D1AF701CEAB55C00CC7D30 /* Near */ = {
			isa = PBXGroup;
			children = (
				04D1AF711CEAB58E00CC7D30 /* NearController.h */,
				04D1AF721CEAB58E00CC7D30 /* NearController.m */,
			);
			path = Near;
			sourceTree = "<group>";
		};
		04D1AF9C1CEAF01B00CC7D30 /* DiscoveryView */ = {
			isa = PBXGroup;
			children = (
				04D1AF9D1CEAF03600CC7D30 /* DiscoveryTableCell.h */,
				04D1AF9E1CEAF03600CC7D30 /* DiscoveryTableCell.m */,
			);
			path = DiscoveryView;
			sourceTree = "<group>";
		};
		04D1AFA01CEAF5C500CC7D30 /* DiscoveryImage */ = {
			isa = PBXGroup;
			children = (
				04D1AFA51CEAF5C500CC7D30 /* discovery_icon_0@2x.png */,
				04D1AFA41CEAF5C500CC7D30 /* discovery_icon_1@2x.png */,
				04D1AFA21CEAF5C500CC7D30 /* discovery_icon_2@2x.png */,
				04D1AFA11CEAF5C500CC7D30 /* discovery_icon_3@2x.png */,
				04D1AFA81CEAF5C500CC7D30 /* discovery_icon_4@2x.png */,
				04D1AFA31CEAF5C500CC7D30 /* discovery_icon_5@2x.png */,
				04D1AFA61CEAF5C500CC7D30 /* discoveryCellbgN@2x.png */,
				04D1AFA71CEAF5C500CC7D30 /* discoveryCellbgS@2x.png */,
				04D1AFA91CEAF5C500CC7D30 /* discoveryCellArrow@2x.png */,
			);
			path = DiscoveryImage;
			sourceTree = "<group>";
		};
		04D1AFB31CEAFE9B00CC7D30 /* MyCenterView */ = {
			isa = PBXGroup;
			children = (
				04D1AFB41CEAFEAC00CC7D30 /* MyCenterTableCell.h */,
				04D1AFB51CEAFEAC00CC7D30 /* MyCenterTableCell.m */,
				04D1AFC01CEB026E00CC7D30 /* MyCenterHeaderView.h */,
				04D1AFC11CEB026E00CC7D30 /* MyCenterHeaderView.m */,
			);
			path = MyCenterView;
			sourceTree = "<group>";
		};
		04D1AFB71CEAFF8700CC7D30 /* MyCenterImage */ = {
			isa = PBXGroup;
			children = (
				04D1AFC31CEB044B00CC7D30 /* myCenter_headerBg@2x.png */,
				04D1AFBE1CEB00B000CC7D30 /* myCenter_gapLine@2x.png */,
				04D1AFB81CEAFF8700CC7D30 /* myCenter_icon_0@2x.png */,
				04D1AFB91CEAFF8700CC7D30 /* myCenter_icon_1@2x.png */,
				04D1AFBA1CEAFF8700CC7D30 /* myCenter_icon_2@2x.png */,
			);
			path = MyCenterImage;
			sourceTree = "<group>";
		};
		04D1AFC51CEB094D00CC7D30 /* ChatListView */ = {
			isa = PBXGroup;
			children = (
				04D1AFC61CEB09D300CC7D30 /* ChatListSingleChatTableCell.h */,
				04D1AFC71CEB09D300CC7D30 /* ChatListSingleChatTableCell.m */,
				04D1AFC91CEB0A1600CC7D30 /* ChatListThreeChatterChatTableCell.h */,
				04D1AFCA1CEB0A1600CC7D30 /* ChatListThreeChatterChatTableCell.m */,
				04D1AFCC1CEB0A4D00CC7D30 /* ChatListMoreChatterChatTableCell.h */,
				04D1AFCD1CEB0A4D00CC7D30 /* ChatListMoreChatterChatTableCell.m */,
			);
			path = ChatListView;
			sourceTree = "<group>";
		};
		04D1AFCF1CEB0BA000CC7D30 /* ChatListImage */ = {
			isa = PBXGroup;
			children = (
				042B4FA81CEC154F00E6A5C9 /* petBirthIcon@2x.png */,
				042B4F5C1CEC113600E6A5C9 /* pet_1_male@2x.png */,
				042B4F5D1CEC113600E6A5C9 /* pet_2_female@2x.png */,
				042B4F5E1CEC113600E6A5C9 /* pet_2_male@2x.png */,
				042B4F5F1CEC113600E6A5C9 /* pet_3_female@2x.png */,
				042B4F601CEC113600E6A5C9 /* pet_3_male@2x.png */,
				042B4F611CEC113600E6A5C9 /* pet_4_female@2x.png */,
				042B4F621CEC113600E6A5C9 /* pet_4_male@2x.png */,
				042B4F631CEC113600E6A5C9 /* pet_5_female@2x.png */,
				042B4F641CEC113600E6A5C9 /* pet_5_male@2x.png */,
				042B4F651CEC113600E6A5C9 /* pet_6_female@2x.png */,
				042B4F661CEC113600E6A5C9 /* pet_6_male@2x.png */,
				042B4F671CEC113600E6A5C9 /* pet_7_female@2x.png */,
				042B4F681CEC113600E6A5C9 /* pet_7_male@2x.png */,
				042B4F691CEC113600E6A5C9 /* pet_8_female@2x.png */,
				042B4F6A1CEC113600E6A5C9 /* pet_8_male@2x.png */,
				042B4F6B1CEC113600E6A5C9 /* pet_9_female@2x.png */,
				042B4F6C1CEC113600E6A5C9 /* pet_9_male@2x.png */,
				042B4F6D1CEC113600E6A5C9 /* pet_10_female@2x.png */,
				042B4F6E1CEC113600E6A5C9 /* pet_10_male@2x.png */,
				042B4F6F1CEC113600E6A5C9 /* pet_11_female@2x.png */,
				042B4F701CEC113600E6A5C9 /* pet_11_male@2x.png */,
				042B4F711CEC113600E6A5C9 /* pet_12_female@2x.png */,
				042B4F721CEC113600E6A5C9 /* pet_12_male@2x.png */,
				042B4F731CEC113600E6A5C9 /* pet_13_female@2x.png */,
				042B4F741CEC113600E6A5C9 /* pet_13_male@2x.png */,
				042B4F751CEC113600E6A5C9 /* pet_14_female@2x.png */,
				042B4F761CEC113600E6A5C9 /* pet_14_male@2x.png */,
				042B4F771CEC113600E6A5C9 /* pet_15_female@2x.png */,
				042B4F781CEC113600E6A5C9 /* pet_15_male@2x.png */,
				042B4F791CEC113600E6A5C9 /* pet_16_female@2x.png */,
				042B4F7A1CEC113600E6A5C9 /* pet_16_male@2x.png */,
				042B4F7B1CEC113600E6A5C9 /* pet_17_female@2x.png */,
				042B4F7C1CEC113600E6A5C9 /* pet_17_male@2x.png */,
				042B4F7D1CEC113600E6A5C9 /* pet_18_female@2x.png */,
				042B4F7E1CEC113600E6A5C9 /* pet_18_male@2x.png */,
				042B4F7F1CEC113600E6A5C9 /* pet_19_female@2x.png */,
				042B4F801CEC113600E6A5C9 /* pet_19_male@2x.png */,
				042B4F811CEC113600E6A5C9 /* pet_1_female@2x.png */,
				042B4F4D1CEB1C8500E6A5C9 /* chatList_more_bg@2x.png */,
				04D1AFD81CEB15D100CC7D30 /* chatList_moreChat_0@2x.png */,
				04D1AFD91CEB15D100CC7D30 /* chatList_moreChat_1@2x.png */,
				04D1AFDA1CEB15D100CC7D30 /* chatList_moreChat_2@2x.png */,
				04D1AFD61CEB116000CC7D30 /* chatList_singleUser_2@2x.png */,
				04D1AFD41CEB10E700CC7D30 /* chatList_singleUser_1@2x.png */,
				04D1AFD21CEB0C1900CC7D30 /* chatList_gapline@2x.png */,
				04D1AFD01CEB0BA000CC7D30 /* chatList_singleUser_0@2x.png */,
			);
			path = ChatListImage;
			sourceTree = "<group>";
		};
		ABB35C9BBA6000FE8F46C2DA /* Pods */ = {
			isa = PBXGroup;
			children = (
				A0DA97989BA93876888B63F4 /* Pods-GeneralProjectWork.debug.xcconfig */,
				F726A85B7F5B86F6C30810CA /* Pods-GeneralProjectWork.release.xcconfig */,
			);
			name = Pods;
			sourceTree = "<group>";
		};
/* End PBXGroup section */

/* Begin PBXNativeTarget section */
		04287AD21C9F88D60061AFCF /* GeneralProjectWork */ = {
			isa = PBXNativeTarget;
			buildConfigurationList = 04287AF51C9F88D70061AFCF /* Build configuration list for PBXNativeTarget "GeneralProjectWork" */;
			buildPhases = (
				BF272D31C45B7051DA66310B /* Check Pods Manifest.lock */,
				04287ACF1C9F88D60061AFCF /* Sources */,
				04287AD01C9F88D60061AFCF /* Frameworks */,
				04287AD11C9F88D60061AFCF /* Resources */,
				7988A8EFBAD974D741C49099 /* Embed Pods Frameworks */,
				09ED21A74F329A1C00D4025D /* Copy Pods Resources */,
			);
			buildRules = (
			);
			dependencies = (
			);
			name = GeneralProjectWork;
			productName = GeneralProjectWork;
			productReference = 04287AD31C9F88D60061AFCF /* GeneralProjectWork.app */;
			productType = "com.apple.product-type.application";
		};
		04287AEB1C9F88D70061AFCF /* GeneralProjectWorkTests */ = {
			isa = PBXNativeTarget;
			buildConfigurationList = 04287AF81C9F88D70061AFCF /* Build configuration list for PBXNativeTarget "GeneralProjectWorkTests" */;
			buildPhases = (
				04287AE81C9F88D70061AFCF /* Sources */,
				04287AE91C9F88D70061AFCF /* Frameworks */,
				04287AEA1C9F88D70061AFCF /* Resources */,
			);
			buildRules = (
			);
			dependencies = (
				04287AEE1C9F88D70061AFCF /* PBXTargetDependency */,
			);
			name = GeneralProjectWorkTests;
			productName = GeneralProjectWorkTests;
			productReference = 04287AEC1C9F88D70061AFCF /* GeneralProjectWorkTests.xctest */;
			productType = "com.apple.product-type.bundle.unit-test";
		};
/* End PBXNativeTarget section */

/* Begin PBXProject section */
		04287ACB1C9F88D60061AFCF /* Project object */ = {
			isa = PBXProject;
			attributes = {
				LastUpgradeCheck = 0720;
				ORGANIZATIONNAME = JackWu;
				TargetAttributes = {
					04287AD21C9F88D60061AFCF = {
						CreatedOnToolsVersion = 7.2.1;
						DevelopmentTeam = PAG7WP2FU6;
					};
					04287AEB1C9F88D70061AFCF = {
						CreatedOnToolsVersion = 7.2.1;
						TestTargetID = 04287AD21C9F88D60061AFCF;
					};
				};
			};
			buildConfigurationList = 04287ACE1C9F88D60061AFCF /* Build configuration list for PBXProject "GeneralProjectWork" */;
			compatibilityVersion = "Xcode 3.2";
			developmentRegion = English;
			hasScannedForEncodings = 0;
			knownRegions = (
				en,
				Base,
			);
			mainGroup = 04287ACA1C9F88D60061AFCF;
			productRefGroup = 04287AD41C9F88D60061AFCF /* Products */;
			projectDirPath = "";
			projectRoot = "";
			targets = (
				04287AD21C9F88D60061AFCF /* GeneralProjectWork */,
				04287AEB1C9F88D70061AFCF /* GeneralProjectWorkTests */,
			);
		};
/* End PBXProject section */

/* Begin PBXResourcesBuildPhase section */
		04287AD11C9F88D60061AFCF /* Resources */ = {
			isa = PBXResourcesBuildPhase;
			buildActionMask = 2147483647;
			files = (
				042B4FA31CEC113600E6A5C9 /* pet_18_female@2x.png in Resources */,
				04D1AF8C1CEAB8A100CC7D30 /* tab_02_N@2x.png in Resources */,
				042B4F831CEC113600E6A5C9 /* pet_2_female@2x.png in Resources */,
				04D1AF911CEAB8A100CC7D30 /* tab_04_S@2x.png in Resources */,
				04D1AF901CEAB8A100CC7D30 /* tab_04_N@2x.png in Resources */,
				04D1AF8F1CEAB8A100CC7D30 /* tab_03_S@2x.png in Resources */,
				042B4F851CEC113600E6A5C9 /* pet_3_female@2x.png in Resources */,
				042B4FA21CEC113600E6A5C9 /* pet_17_male@2x.png in Resources */,
				042B4F931CEC113600E6A5C9 /* pet_10_female@2x.png in Resources */,
				04D1AF921CEAB8A100CC7D30 /* tab_05_N@2x.png in Resources */,
				042B4FA91CEC154F00E6A5C9 /* petBirthIcon@2x.png in Resources */,
				04D1AFD51CEB10E700CC7D30 /* chatList_singleUser_1@2x.png in Resources */,
				04D1AF541CEAAF2D00CC7D30 /* welcome_1@2x.png in Resources */,
				04D1AFBF1CEB00B000CC7D30 /* myCenter_gapLine@2x.png in Resources */,
				04D1AF601CEAAFF600CC7D30 /* logo_58@2x.png in Resources */,
				042B4F9F1CEC113600E6A5C9 /* pet_16_female@2x.png in Resources */,
				04D1AF611CEAAFF600CC7D30 /* logo_80@2x.png in Resources */,
				04D1AF671CEAB15E00CC7D30 /* Default-568h@2x.png in Resources */,
				042B4F901CEC113600E6A5C9 /* pet_8_male@2x.png in Resources */,
				04D1AF681CEAB15E00CC7D30 /* Default.png in Resources */,
				04D1AFBC1CEAFF8700CC7D30 /* myCenter_icon_1@2x.png in Resources */,
				042B4F9D1CEC113600E6A5C9 /* pet_15_female@2x.png in Resources */,
				042B4F841CEC113600E6A5C9 /* pet_2_male@2x.png in Resources */,
				042B4F8F1CEC113600E6A5C9 /* pet_8_female@2x.png in Resources */,
				04D1AFB21CEAF5C500CC7D30 /* discoveryCellArrow@2x.png in Resources */,
				042B4F921CEC113600E6A5C9 /* pet_9_male@2x.png in Resources */,
				04D1AFAF1CEAF5C500CC7D30 /* discoveryCellbgN@2x.png in Resources */,
				042B4F821CEC113600E6A5C9 /* pet_1_male@2x.png in Resources */,
				04D1AF551CEAAF2D00CC7D30 /* welcome_2@2x.png in Resources */,
				04D1AF691CEAB15E00CC7D30 /* Default@2x.png in Resources */,
				042B4F8E1CEC113600E6A5C9 /* pet_7_male@2x.png in Resources */,
				04D1AF8B1CEAB8A100CC7D30 /* tab_01_S@2x.png in Resources */,
				04D1AFDC1CEB15D100CC7D30 /* chatList_moreChat_1@2x.png in Resources */,
				04D1AFDB1CEB15D100CC7D30 /* chatList_moreChat_0@2x.png in Resources */,
				042B4FA01CEC113600E6A5C9 /* pet_16_male@2x.png in Resources */,
				04D1AFB01CEAF5C500CC7D30 /* discoveryCellbgS@2x.png in Resources */,
				04D1AFAB1CEAF5C500CC7D30 /* discovery_icon_2@2x.png in Resources */,
				04D1AFDD1CEB15D100CC7D30 /* chatList_moreChat_2@2x.png in Resources */,
				04D1AFD11CEB0BA000CC7D30 /* chatList_singleUser_0@2x.png in Resources */,
				042B4F4E1CEB1C8500E6A5C9 /* chatList_more_bg@2x.png in Resources */,
				04D1AFBD1CEAFF8700CC7D30 /* myCenter_icon_2@2x.png in Resources */,
				042B4F9C1CEC113600E6A5C9 /* pet_14_male@2x.png in Resources */,
				042B4F881CEC113600E6A5C9 /* pet_4_male@2x.png in Resources */,
				042B4F891CEC113600E6A5C9 /* pet_5_female@2x.png in Resources */,
				04B7F7F01CA232E200A120A8 /* 37x-success@2x.png in Resources */,
				04D1AFD31CEB0C1900CC7D30 /* chatList_gapline@2x.png in Resources */,
				042B4FA11CEC113600E6A5C9 /* pet_17_female@2x.png in Resources */,
				04D1AFAC1CEAF5C500CC7D30 /* discovery_icon_5@2x.png in Resources */,
				04D1AFB11CEAF5C500CC7D30 /* discovery_icon_4@2x.png in Resources */,
				04D1AF9B1CEAEE8300CC7D30 /* viewBg@2x.png in Resources */,
				042B4F9B1CEC113600E6A5C9 /* pet_14_female@2x.png in Resources */,
				04D1AFAA1CEAF5C500CC7D30 /* discovery_icon_3@2x.png in Resources */,
				042B4F571CEBFD0C00E6A5C9 /* contactCellBg@2x.png in Resources */,
				04D1AFD71CEB116000CC7D30 /* chatList_singleUser_2@2x.png in Resources */,
				04B7F7EF1CA232E200A120A8 /* 37x-failed@2x.png in Resources */,
				042B4F971CEC113600E6A5C9 /* pet_12_female@2x.png in Resources */,
				042B4FA41CEC113600E6A5C9 /* pet_18_male@2x.png in Resources */,
				04D1AF931CEAB8A100CC7D30 /* tab_05_S@2x.png in Resources */,
				042B4F8B1CEC113600E6A5C9 /* pet_6_female@2x.png in Resources */,
				04D1AF631CEAAFF600CC7D30 /* logo_120@2x.png in Resources */,
				04D1AFAE1CEAF5C500CC7D30 /* discovery_icon_0@2x.png in Resources */,
				04D1AF991CEAEC5200CC7D30 /* navbarBg@2x.png in Resources */,
				04D1AF571CEAAF2D00CC7D30 /* welcome_4@2x.png in Resources */,
				042B4F961CEC113600E6A5C9 /* pet_11_male@2x.png in Resources */,
				042B4F981CEC113600E6A5C9 /* pet_12_male@2x.png in Resources */,
				042B4F8A1CEC113600E6A5C9 /* pet_5_male@2x.png in Resources */,
				042B4F911CEC113600E6A5C9 /* pet_9_female@2x.png in Resources */,
				04D1AF8E1CEAB8A100CC7D30 /* tab_03_N@2x.png in Resources */,
				04D1AFBB1CEAFF8700CC7D30 /* myCenter_icon_0@2x.png in Resources */,
				04D1AF561CEAAF2D00CC7D30 /* welcome_3@2x.png in Resources */,
				04D1AF971CEAD83300CC7D30 /* Images.xcassets in Resources */,
				042B4F861CEC113600E6A5C9 /* pet_3_male@2x.png in Resources */,
				04B7F7F11CA232E200A120A8 /* 37x-warning@2x.png in Resources */,
				04D1AF8A1CEAB8A100CC7D30 /* tab_01_N@2x.png in Resources */,
				042B4F951CEC113600E6A5C9 /* pet_11_female@2x.png in Resources */,
				04D1AF6B1CEAB28000CC7D30 /* ad_start@2x.png in Resources */,
				042B4F941CEC113600E6A5C9 /* pet_10_male@2x.png in Resources */,
				04D1AF8D1CEAB8A100CC7D30 /* tab_02_S@2x.png in Resources */,
				04D1AF5E1CEAAFF600CC7D30 /* logo_29@2x.png in Resources */,
				04D1AFAD1CEAF5C500CC7D30 /* discovery_icon_1@2x.png in Resources */,
				042B4F8C1CEC113600E6A5C9 /* pet_6_male@2x.png in Resources */,
				04D1AFC41CEB044B00CC7D30 /* myCenter_headerBg@2x.png in Resources */,
				04D1AF621CEAAFF600CC7D30 /* logo_114@2x.png in Resources */,
				042B4FA71CEC113600E6A5C9 /* pet_1_female@2x.png in Resources */,
				042B4F9A1CEC113600E6A5C9 /* pet_13_male@2x.png in Resources */,
				042B4F591CEC023E00E6A5C9 /* contactPetIcon@2x.png in Resources */,
				042B4F871CEC113600E6A5C9 /* pet_4_female@2x.png in Resources */,
				04D1AF951CEAB92300CC7D30 /* tabbar_bk@2x.png in Resources */,
				042B4F8D1CEC113600E6A5C9 /* pet_7_female@2x.png in Resources */,
				042B4F9E1CEC113600E6A5C9 /* pet_15_male@2x.png in Resources */,
				04D1AF5F1CEAAFF600CC7D30 /* logo_57@2x.png in Resources */,
				042B4FA51CEC113600E6A5C9 /* pet_19_female@2x.png in Resources */,
				042B4FA61CEC113600E6A5C9 /* pet_19_male@2x.png in Resources */,
				042B4F5B1CEC028F00E6A5C9 /* contactUserIcon@2x.png in Resources */,
				042B4F991CEC113600E6A5C9 /* pet_13_female@2x.png in Resources */,
			);
			runOnlyForDeploymentPostprocessing = 0;
		};
		04287AEA1C9F88D70061AFCF /* Resources */ = {
			isa = PBXResourcesBuildPhase;
			buildActionMask = 2147483647;
			files = (
			);
			runOnlyForDeploymentPostprocessing = 0;
		};
/* End PBXResourcesBuildPhase section */

/* Begin PBXShellScriptBuildPhase section */
		09ED21A74F329A1C00D4025D /* Copy Pods Resources */ = {
			isa = PBXShellScriptBuildPhase;
			buildActionMask = 2147483647;
			files = (
			);
			inputPaths = (
			);
			name = "Copy Pods Resources";
			outputPaths = (
			);
			runOnlyForDeploymentPostprocessing = 0;
			shellPath = /bin/sh;
			shellScript = "\"${SRCROOT}/Pods/Target Support Files/Pods-GeneralProjectWork/Pods-GeneralProjectWork-resources.sh\"\n";
			showEnvVarsInLog = 0;
		};
		7988A8EFBAD974D741C49099 /* Embed Pods Frameworks */ = {
			isa = PBXShellScriptBuildPhase;
			buildActionMask = 2147483647;
			files = (
			);
			inputPaths = (
			);
			name = "Embed Pods Frameworks";
			outputPaths = (
			);
			runOnlyForDeploymentPostprocessing = 0;
			shellPath = /bin/sh;
			shellScript = "\"${SRCROOT}/Pods/Target Support Files/Pods-GeneralProjectWork/Pods-GeneralProjectWork-frameworks.sh\"\n";
			showEnvVarsInLog = 0;
		};
		BF272D31C45B7051DA66310B /* Check Pods Manifest.lock */ = {
			isa = PBXShellScriptBuildPhase;
			buildActionMask = 2147483647;
			files = (
			);
			inputPaths = (
			);
			name = "Check Pods Manifest.lock";
			outputPaths = (
			);
			runOnlyForDeploymentPostprocessing = 0;
			shellPath = /bin/sh;
			shellScript = "diff \"${PODS_ROOT}/../Podfile.lock\" \"${PODS_ROOT}/Manifest.lock\" > /dev/null\nif [[ $? != 0 ]] ; then\n    cat << EOM\nerror: The sandbox is not in sync with the Podfile.lock. Run 'pod install' or update your CocoaPods installation.\nEOM\n    exit 1\nfi\n";
			showEnvVarsInLog = 0;
		};
/* End PBXShellScriptBuildPhase section */

/* Begin PBXSourcesBuildPhase section */
		04287ACF1C9F88D60061AFCF /* Sources */ = {
			isa = PBXSourcesBuildPhase;
			buildActionMask = 2147483647;
			files = (
				04287B111C9FC62B0061AFCF /* ConnectManager.m in Sources */,
				04B7F7DE1CA1219F00A120A8 /* MyBanner.m in Sources */,
				04B7F7C81CA1101800A120A8 /* BaseViewController.m in Sources */,
				04B7F7CC1CA1105700A120A8 /* VCManager.m in Sources */,
				04287B231C9FD17E0061AFCF /* CoreUtil.m in Sources */,
				04D1AFCB1CEB0A1600CC7D30 /* ChatListThreeChatterChatTableCell.m in Sources */,
				04D1AFB61CEAFEAC00CC7D30 /* MyCenterTableCell.m in Sources */,
				04B7F7C31CA10FC700A120A8 /* CRNavigationController.m in Sources */,
				04D1AF7F1CEAB5CA00CC7D30 /* MyCenterController.m in Sources */,
				04287B1D1C9FD04E0061AFCF /* UIViewExt.m in Sources */,
				04D1AF9F1CEAF03600CC7D30 /* DiscoveryTableCell.m in Sources */,
				042B4F551CEBF94A00E6A5C9 /* ContactListTableCell.m in Sources */,
				04B7F7C21CA10FC700A120A8 /* CRNavigationBar.m in Sources */,
				04D1AF761CEAB59B00CC7D30 /* ContactController.m in Sources */,
				04D1AFC21CEB026E00CC7D30 /* MyCenterHeaderView.m in Sources */,
				04287B241C9FD17E0061AFCF /* UtilTool.m in Sources */,
				04B7F7D41CA11FEF00A120A8 /* MyProgressView.m in Sources */,
				04B7F7D01CA11EED00A120A8 /* CanClickImageView.m in Sources */,
				04287ADB1C9F88D60061AFCF /* AppDelegate.m in Sources */,
				04B7F7C41CA10FC700A120A8 /* CRUIToolbar.m in Sources */,
				04A5B9B01CA4DF4B00ED827C /* AdvertiseController.m in Sources */,
				04287AD81C9F88D60061AFCF /* main.m in Sources */,
				04D1AF731CEAB58E00CC7D30 /* NearController.m in Sources */,
				04881F881CA50A6E006599FB /* LoginController.m in Sources */,
				04A5B9AD1CA4DF1A00ED827C /* GuideController.m in Sources */,
				04B7F7DF1CA1219F00A120A8 /* MyPageControl.m in Sources */,
				04D1AFC81CEB09D300CC7D30 /* ChatListSingleChatTableCell.m in Sources */,
				04B7F7E31CA136EE00A120A8 /* Reachability.m in Sources */,
				04D1AFCE1CEB0A4D00CC7D30 /* ChatListMoreChatterChatTableCell.m in Sources */,
				042B4F521CEBF6E400E6A5C9 /* ContactHeaderView.m in Sources */,
				04B7F7D81CA1212000A120A8 /* MyWebView.m in Sources */,
				04D1AF7C1CEAB5BC00CC7D30 /* DiscoveryController.m in Sources */,
				04A5B97F1CA4D4F000ED827C /* MyTabBarController.m in Sources */,
				04D1AF791CEAB5A900CC7D30 /* ChatListController.m in Sources */,
			);
			runOnlyForDeploymentPostprocessing = 0;
		};
		04287AE81C9F88D70061AFCF /* Sources */ = {
			isa = PBXSourcesBuildPhase;
			buildActionMask = 2147483647;
			files = (
				04287AF11C9F88D70061AFCF /* GeneralProjectWorkTests.m in Sources */,
			);
			runOnlyForDeploymentPostprocessing = 0;
		};
/* End PBXSourcesBuildPhase section */

/* Begin PBXTargetDependency section */
		04287AEE1C9F88D70061AFCF /* PBXTargetDependency */ = {
			isa = PBXTargetDependency;
			target = 04287AD21C9F88D60061AFCF /* GeneralProjectWork */;
			targetProxy = 04287AED1C9F88D70061AFCF /* PBXContainerItemProxy */;
		};
/* End PBXTargetDependency section */

/* Begin XCBuildConfiguration section */
		04287AF31C9F88D70061AFCF /* Debug */ = {
			isa = XCBuildConfiguration;
			buildSettings = {
				ALWAYS_SEARCH_USER_PATHS = NO;
				CLANG_CXX_LANGUAGE_STANDARD = "gnu++0x";
				CLANG_CXX_LIBRARY = "libc++";
				CLANG_ENABLE_MODULES = YES;
				CLANG_ENABLE_OBJC_ARC = YES;
				CLANG_WARN_BOOL_CONVERSION = YES;
				CLANG_WARN_CONSTANT_CONVERSION = YES;
				CLANG_WARN_DIRECT_OBJC_ISA_USAGE = YES_ERROR;
				CLANG_WARN_EMPTY_BODY = YES;
				CLANG_WARN_ENUM_CONVERSION = YES;
				CLANG_WARN_INT_CONVERSION = YES;
				CLANG_WARN_OBJC_ROOT_CLASS = YES_ERROR;
				CLANG_WARN_UNREACHABLE_CODE = YES;
				CLANG_WARN__DUPLICATE_METHOD_MATCH = YES;
				"CODE_SIGN_IDENTITY[sdk=iphoneos*]" = "iPhone Developer";
				COPY_PHASE_STRIP = NO;
				DEBUG_INFORMATION_FORMAT = dwarf;
				ENABLE_STRICT_OBJC_MSGSEND = YES;
				ENABLE_TESTABILITY = YES;
				GCC_C_LANGUAGE_STANDARD = gnu99;
				GCC_DYNAMIC_NO_PIC = NO;
				GCC_NO_COMMON_BLOCKS = YES;
				GCC_OPTIMIZATION_LEVEL = 0;
				GCC_PREPROCESSOR_DEFINITIONS = (
					"DEBUG=1",
					"$(inherited)",
				);
				GCC_WARN_64_TO_32_BIT_CONVERSION = YES;
				GCC_WARN_ABOUT_RETURN_TYPE = YES_ERROR;
				GCC_WARN_UNDECLARED_SELECTOR = YES;
				GCC_WARN_UNINITIALIZED_AUTOS = YES_AGGRESSIVE;
				GCC_WARN_UNUSED_FUNCTION = YES;
				GCC_WARN_UNUSED_VARIABLE = YES;
				IPHONEOS_DEPLOYMENT_TARGET = 9.2;
				MTL_ENABLE_DEBUG_INFO = YES;
				ONLY_ACTIVE_ARCH = YES;
				SDKROOT = iphoneos;
			};
			name = Debug;
		};
		04287AF41C9F88D70061AFCF /* Release */ = {
			isa = XCBuildConfiguration;
			buildSettings = {
				ALWAYS_SEARCH_USER_PATHS = NO;
				CLANG_CXX_LANGUAGE_STANDARD = "gnu++0x";
				CLANG_CXX_LIBRARY = "libc++";
				CLANG_ENABLE_MODULES = YES;
				CLANG_ENABLE_OBJC_ARC = YES;
				CLANG_WARN_BOOL_CONVERSION = YES;
				CLANG_WARN_CONSTANT_CONVERSION = YES;
				CLANG_WARN_DIRECT_OBJC_ISA_USAGE = YES_ERROR;
				CLANG_WARN_EMPTY_BODY = YES;
				CLANG_WARN_ENUM_CONVERSION = YES;
				CLANG_WARN_INT_CONVERSION = YES;
				CLANG_WARN_OBJC_ROOT_CLASS = YES_ERROR;
				CLANG_WARN_UNREACHABLE_CODE = YES;
				CLANG_WARN__DUPLICATE_METHOD_MATCH = YES;
				"CODE_SIGN_IDENTITY[sdk=iphoneos*]" = "iPhone Developer";
				COPY_PHASE_STRIP = NO;
				DEBUG_INFORMATION_FORMAT = "dwarf-with-dsym";
				ENABLE_NS_ASSERTIONS = NO;
				ENABLE_STRICT_OBJC_MSGSEND = YES;
				GCC_C_LANGUAGE_STANDARD = gnu99;
				GCC_NO_COMMON_BLOCKS = YES;
				GCC_WARN_64_TO_32_BIT_CONVERSION = YES;
				GCC_WARN_ABOUT_RETURN_TYPE = YES_ERROR;
				GCC_WARN_UNDECLARED_SELECTOR = YES;
				GCC_WARN_UNINITIALIZED_AUTOS = YES_AGGRESSIVE;
				GCC_WARN_UNUSED_FUNCTION = YES;
				GCC_WARN_UNUSED_VARIABLE = YES;
				IPHONEOS_DEPLOYMENT_TARGET = 9.2;
				MTL_ENABLE_DEBUG_INFO = NO;
				SDKROOT = iphoneos;
				VALIDATE_PRODUCT = YES;
			};
			name = Release;
		};
		04287AF61C9F88D70061AFCF /* Debug */ = {
			isa = XCBuildConfiguration;
			baseConfigurationReference = A0DA97989BA93876888B63F4 /* Pods-GeneralProjectWork.debug.xcconfig */;
			buildSettings = {
				CODE_SIGN_IDENTITY = "iPhone Developer";
				GCC_PRECOMPILE_PREFIX_HEADER = YES;
				GCC_PREFIX_HEADER = GeneralProjectWork/PrefixHeader.pch;
				INFOPLIST_FILE = GeneralProjectWork/Info.plist;
				IPHONEOS_DEPLOYMENT_TARGET = 7.0;
				LD_RUNPATH_SEARCH_PATHS = "$(inherited) @executable_path/Frameworks";
				PRODUCT_BUNDLE_IDENTIFIER = RongZhu.GeneralProjectWork;
				PRODUCT_NAME = "$(TARGET_NAME)";
			};
			name = Debug;
		};
		04287AF71C9F88D70061AFCF /* Release */ = {
			isa = XCBuildConfiguration;
			baseConfigurationReference = F726A85B7F5B86F6C30810CA /* Pods-GeneralProjectWork.release.xcconfig */;
			buildSettings = {
				CODE_SIGN_IDENTITY = "iPhone Developer";
				GCC_PRECOMPILE_PREFIX_HEADER = YES;
				GCC_PREFIX_HEADER = GeneralProjectWork/PrefixHeader.pch;
				INFOPLIST_FILE = GeneralProjectWork/Info.plist;
				IPHONEOS_DEPLOYMENT_TARGET = 7.0;
				LD_RUNPATH_SEARCH_PATHS = "$(inherited) @executable_path/Frameworks";
				PRODUCT_BUNDLE_IDENTIFIER = RongZhu.GeneralProjectWork;
				PRODUCT_NAME = "$(TARGET_NAME)";
			};
			name = Release;
		};
		04287AF91C9F88D70061AFCF /* Debug */ = {
			isa = XCBuildConfiguration;
			buildSettings = {
				BUNDLE_LOADER = "$(TEST_HOST)";
				INFOPLIST_FILE = GeneralProjectWorkTests/Info.plist;
				LD_RUNPATH_SEARCH_PATHS = "$(inherited) @executable_path/Frameworks @loader_path/Frameworks";
				PRODUCT_BUNDLE_IDENTIFIER = RongZhu.GeneralProjectWorkTests;
				PRODUCT_NAME = "$(TARGET_NAME)";
				TEST_HOST = "$(BUILT_PRODUCTS_DIR)/GeneralProjectWork.app/GeneralProjectWork";
			};
			name = Debug;
		};
		04287AFA1C9F88D70061AFCF /* Release */ = {
			isa = XCBuildConfiguration;
			buildSettings = {
				BUNDLE_LOADER = "$(TEST_HOST)";
				INFOPLIST_FILE = GeneralProjectWorkTests/Info.plist;
				LD_RUNPATH_SEARCH_PATHS = "$(inherited) @executable_path/Frameworks @loader_path/Frameworks";
				PRODUCT_BUNDLE_IDENTIFIER = RongZhu.GeneralProjectWorkTests;
				PRODUCT_NAME = "$(TARGET_NAME)";
				TEST_HOST = "$(BUILT_PRODUCTS_DIR)/GeneralProjectWork.app/GeneralProjectWork";
			};
			name = Release;
		};
/* End XCBuildConfiguration section */

/* Begin XCConfigurationList section */
		04287ACE1C9F88D60061AFCF /* Build configuration list for PBXProject "GeneralProjectWork" */ = {
			isa = XCConfigurationList;
			buildConfigurations = (
				04287AF31C9F88D70061AFCF /* Debug */,
				04287AF41C9F88D70061AFCF /* Release */,
			);
			defaultConfigurationIsVisible = 0;
			defaultConfigurationName = Release;
		};
		04287AF51C9F88D70061AFCF /* Build configuration list for PBXNativeTarget "GeneralProjectWork" */ = {
			isa = XCConfigurationList;
			buildConfigurations = (
				04287AF61C9F88D70061AFCF /* Debug */,
				04287AF71C9F88D70061AFCF /* Release */,
			);
			defaultConfigurationIsVisible = 0;
			defaultConfigurationName = Release;
		};
		04287AF81C9F88D70061AFCF /* Build configuration list for PBXNativeTarget "GeneralProjectWorkTests" */ = {
			isa = XCConfigurationList;
			buildConfigurations = (
				04287AF91C9F88D70061AFCF /* Debug */,
				04287AFA1C9F88D70061AFCF /* Release */,
			);
			defaultConfigurationIsVisible = 0;
			defaultConfigurationName = Release;
		};
/* End XCConfigurationList section */
	};
	rootObject = 04287ACB1C9F88D60061AFCF /* Project object */;
}
